
Microsoft Visual Studio Solution File, Format Version 12.00
# Visual Studio Version 17
Project("{2150E333-8FDC-42A3-9474-1A3956D46DE8}") = "CMakePredefinedTargets", "CMakePredefinedTargets", "{01CEF9C5-94C7-307D-BB3C-E4CDE72856E1}"
EndProject
Project("{2150E333-8FDC-42A3-9474-1A3956D46DE8}") = "GLFW3", "GLFW3", "{1DB3C5F6-B90D-3E60-9A6C-F02396C83C62}"
EndProject
Project("{8BC9CEB8-8B4A-11D0-8D11-00A0C91BC942}") = "ALL_BUILD", "ALL_BUILD.vcxproj", "{54A48835-9494-3956-882F-C9E72DC42407}"
	ProjectSection(ProjectDependencies) = postProject
		{870E5834-BD69-3650-8A96-0E39E07B03D8} = {870E5834-BD69-3650-8A96-0E39E07B03D8}
		{5CC7DBD2-72DD-32D6-8881-F9FF0B06E77D} = {5CC7DBD2-72DD-32D6-8881-F9FF0B06E77D}
		{3566A04B-CF85-3ECF-B042-6786760799BD} = {3566A04B-CF85-3ECF-B042-6786760799BD}
		{2C55AB0F-E138-34BD-BACA-630DFB6C7C7E} = {2C55AB0F-E138-34BD-BACA-630DFB6C7C7E}
		{D47651F7-2F70-3410-AB3C-46CCE9668062} = {D47651F7-2F70-3410-AB3C-46CCE9668062}
		{C3240F28-4834-3A5B-849D-A1C1DF628A69} = {C3240F28-4834-3A5B-849D-A1C1DF628A69}
		{498113A0-C8A2-385A-B259-298215D21A58} = {498113A0-C8A2-385A-B259-298215D21A58}
		{4C424FE6-074B-3C77-A5F6-6C37DEA0FC9F} = {4C424FE6-074B-3C77-A5F6-6C37DEA0FC9F}
		{B487783F-3E7A-366E-87E9-1BFEFFC4AE99} = {B487783F-3E7A-366E-87E9-1BFEFFC4AE99}
		{4A8A6625-E99D-36DE-9129-0B7E3AE6FD5A} = {4A8A6625-E99D-36DE-9129-0B7E3AE6FD5A}
		{AF8DDB37-2355-3720-8452-D09D212ECA89} = {AF8DDB37-2355-3720-8452-D09D212ECA89}
		{FFD8BECC-0558-3009-82C8-8C555869E747} = {FFD8BECC-0558-3009-82C8-8C555869E747}
		{AC094399-8D5F-3D53-A9EE-B1D69BEF492F} = {AC094399-8D5F-3D53-A9EE-B1D69BEF492F}
		{00EE7E04-CCBB-3368-86E5-C19D5CB9D2E2} = {00EE7E04-CCBB-3368-86E5-C19D5CB9D2E2}
		{018A9E8F-7DBC-3371-AB80-7845BF42D9F9} = {018A9E8F-7DBC-3371-AB80-7845BF42D9F9}
	EndProjectSection
EndProject
Project("{8BC9CEB8-8B4A-11D0-8D11-00A0C91BC942}") = "INSTALL", "INSTALL.vcxproj", "{905F3A7C-7BDC-35BA-8D9F-5D212F98E858}"
	ProjectSection(ProjectDependencies) = postProject
		{54A48835-9494-3956-882F-C9E72DC42407} = {54A48835-9494-3956-882F-C9E72DC42407}
		{870E5834-BD69-3650-8A96-0E39E07B03D8} = {870E5834-BD69-3650-8A96-0E39E07B03D8}
	EndProjectSection
EndProject
Project("{8BC9CEB8-8B4A-11D0-8D11-00A0C91BC942}") = "PACKAGE", "PACKAGE.vcxproj", "{A2594237-BFF8-3F03-9C78-043D9DD0656E}"
	ProjectSection(ProjectDependencies) = postProject
		{54A48835-9494-3956-882F-C9E72DC42407} = {54A48835-9494-3956-882F-C9E72DC42407}
		{870E5834-BD69-3650-8A96-0E39E07B03D8} = {870E5834-BD69-3650-8A96-0E39E07B03D8}
	EndProjectSection
EndProject
Project("{8BC9CEB8-8B4A-11D0-8D11-00A0C91BC942}") = "ZERO_CHECK", "ZERO_CHECK.vcxproj", "{870E5834-BD69-3650-8A96-0E39E07B03D8}"
	ProjectSection(ProjectDependencies) = postProject
	EndProjectSection
EndProject
Project("{8BC9CEB8-8B4A-11D0-8D11-00A0C91BC942}") = "glfw", "_deps\raylib_external-build\raylib\external\glfw\src\glfw.vcxproj", "{5CC7DBD2-72DD-32D6-8881-F9FF0B06E77D}"
	ProjectSection(ProjectDependencies) = postProject
		{870E5834-BD69-3650-8A96-0E39E07B03D8} = {870E5834-BD69-3650-8A96-0E39E07B03D8}
	EndProjectSection
EndProject
Project("{8BC9CEB8-8B4A-11D0-8D11-00A0C91BC942}") = "kargo", "kargo.vcxproj", "{3566A04B-CF85-3ECF-B042-6786760799BD}"
	ProjectSection(ProjectDependencies) = postProject
		{870E5834-BD69-3650-8A96-0E39E07B03D8} = {870E5834-BD69-3650-8A96-0E39E07B03D8}
		{4C424FE6-074B-3C77-A5F6-6C37DEA0FC9F} = {4C424FE6-074B-3C77-A5F6-6C37DEA0FC9F}
	EndProjectSection
EndProject
Project("{8BC9CEB8-8B4A-11D0-8D11-00A0C91BC942}") = "kern", "kern.vcxproj", "{2C55AB0F-E138-34BD-BACA-630DFB6C7C7E}"
	ProjectSection(ProjectDependencies) = postProject
		{870E5834-BD69-3650-8A96-0E39E07B03D8} = {870E5834-BD69-3650-8A96-0E39E07B03D8}
		{5CC7DBD2-72DD-32D6-8881-F9FF0B06E77D} = {5CC7DBD2-72DD-32D6-8881-F9FF0B06E77D}
		{498113A0-C8A2-385A-B259-298215D21A58} = {498113A0-C8A2-385A-B259-298215D21A58}
		{4C424FE6-074B-3C77-A5F6-6C37DEA0FC9F} = {4C424FE6-074B-3C77-A5F6-6C37DEA0FC9F}
		{4A8A6625-E99D-36DE-9129-0B7E3AE6FD5A} = {4A8A6625-E99D-36DE-9129-0B7E3AE6FD5A}
		{018A9E8F-7DBC-3371-AB80-7845BF42D9F9} = {018A9E8F-7DBC-3371-AB80-7845BF42D9F9}
	EndProjectSection
EndProject
Project("{8BC9CEB8-8B4A-11D0-8D11-00A0C91BC942}") = "kern-scan", "kern-scan.vcxproj", "{D47651F7-2F70-3410-AB3C-46CCE9668062}"
	ProjectSection(ProjectDependencies) = postProject
		{870E5834-BD69-3650-8A96-0E39E07B03D8} = {870E5834-BD69-3650-8A96-0E39E07B03D8}
		{5CC7DBD2-72DD-32D6-8881-F9FF0B06E77D} = {5CC7DBD2-72DD-32D6-8881-F9FF0B06E77D}
		{498113A0-C8A2-385A-B259-298215D21A58} = {498113A0-C8A2-385A-B259-298215D21A58}
		{4C424FE6-074B-3C77-A5F6-6C37DEA0FC9F} = {4C424FE6-074B-3C77-A5F6-6C37DEA0FC9F}
		{4A8A6625-E99D-36DE-9129-0B7E3AE6FD5A} = {4A8A6625-E99D-36DE-9129-0B7E3AE6FD5A}
		{018A9E8F-7DBC-3371-AB80-7845BF42D9F9} = {018A9E8F-7DBC-3371-AB80-7845BF42D9F9}
	EndProjectSection
EndProject
Project("{8BC9CEB8-8B4A-11D0-8D11-00A0C91BC942}") = "kern_contract_humanize", "kern_contract_humanize.vcxproj", "{C3240F28-4834-3A5B-849D-A1C1DF628A69}"
	ProjectSection(ProjectDependencies) = postProject
		{870E5834-BD69-3650-8A96-0E39E07B03D8} = {870E5834-BD69-3650-8A96-0E39E07B03D8}
	EndProjectSection
EndProject
Project("{8BC9CEB8-8B4A-11D0-8D11-00A0C91BC942}") = "kern_core", "kern_core.vcxproj", "{498113A0-C8A2-385A-B259-298215D21A58}"
	ProjectSection(ProjectDependencies) = postProject
		{870E5834-BD69-3650-8A96-0E39E07B03D8} = {870E5834-BD69-3650-8A96-0E39E07B03D8}
		{4C424FE6-074B-3C77-A5F6-6C37DEA0FC9F} = {4C424FE6-074B-3C77-A5F6-6C37DEA0FC9F}
	EndProjectSection
EndProject
Project("{8BC9CEB8-8B4A-11D0-8D11-00A0C91BC942}") = "kern_env_lib", "kern_env_lib.vcxproj", "{4C424FE6-074B-3C77-A5F6-6C37DEA0FC9F}"
	ProjectSection(ProjectDependencies) = postProject
		{870E5834-BD69-3650-8A96-0E39E07B03D8} = {870E5834-BD69-3650-8A96-0E39E07B03D8}
	EndProjectSection
EndProject
Project("{8BC9CEB8-8B4A-11D0-8D11-00A0C91BC942}") = "kern_game", "kern_game.vcxproj", "{B487783F-3E7A-366E-87E9-1BFEFFC4AE99}"
	ProjectSection(ProjectDependencies) = postProject
		{870E5834-BD69-3650-8A96-0E39E07B03D8} = {870E5834-BD69-3650-8A96-0E39E07B03D8}
		{5CC7DBD2-72DD-32D6-8881-F9FF0B06E77D} = {5CC7DBD2-72DD-32D6-8881-F9FF0B06E77D}
		{498113A0-C8A2-385A-B259-298215D21A58} = {498113A0-C8A2-385A-B259-298215D21A58}
		{4C424FE6-074B-3C77-A5F6-6C37DEA0FC9F} = {4C424FE6-074B-3C77-A5F6-6C37DEA0FC9F}
		{4A8A6625-E99D-36DE-9129-0B7E3AE6FD5A} = {4A8A6625-E99D-36DE-9129-0B7E3AE6FD5A}
		{018A9E8F-7DBC-3371-AB80-7845BF42D9F9} = {018A9E8F-7DBC-3371-AB80-7845BF42D9F9}
	EndProjectSection
EndProject
Project("{8BC9CEB8-8B4A-11D0-8D11-00A0C91BC942}") = "kern_gfx", "kern_gfx.vcxproj", "{4A8A6625-E99D-36DE-9129-0B7E3AE6FD5A}"
	ProjectSection(ProjectDependencies) = postProject
		{870E5834-BD69-3650-8A96-0E39E07B03D8} = {870E5834-BD69-3650-8A96-0E39E07B03D8}
		{5CC7DBD2-72DD-32D6-8881-F9FF0B06E77D} = {5CC7DBD2-72DD-32D6-8881-F9FF0B06E77D}
		{498113A0-C8A2-385A-B259-298215D21A58} = {498113A0-C8A2-385A-B259-298215D21A58}
		{4C424FE6-074B-3C77-A5F6-6C37DEA0FC9F} = {4C424FE6-074B-3C77-A5F6-6C37DEA0FC9F}
		{018A9E8F-7DBC-3371-AB80-7845BF42D9F9} = {018A9E8F-7DBC-3371-AB80-7845BF42D9F9}
	EndProjectSection
EndProject
Project("{8BC9CEB8-8B4A-11D0-8D11-00A0C91BC942}") = "kern_launcher", "kern_launcher.vcxproj", "{AF8DDB37-2355-3720-8452-D09D212ECA89}"
	ProjectSection(ProjectDependencies) = postProject
		{870E5834-BD69-3650-8A96-0E39E07B03D8} = {870E5834-BD69-3650-8A96-0E39E07B03D8}
	EndProjectSection
EndProject
Project("{8BC9CEB8-8B4A-11D0-8D11-00A0C91BC942}") = "kern_lsp", "kern_lsp.vcxproj", "{FFD8BECC-0558-3009-82C8-8C555869E747}"
	ProjectSection(ProjectDependencies) = postProject
		{870E5834-BD69-3650-8A96-0E39E07B03D8} = {870E5834-BD69-3650-8A96-0E39E07B03D8}
		{5CC7DBD2-72DD-32D6-8881-F9FF0B06E77D} = {5CC7DBD2-72DD-32D6-8881-F9FF0B06E77D}
		{498113A0-C8A2-385A-B259-298215D21A58} = {498113A0-C8A2-385A-B259-298215D21A58}
		{4C424FE6-074B-3C77-A5F6-6C37DEA0FC9F} = {4C424FE6-074B-3C77-A5F6-6C37DEA0FC9F}
		{4A8A6625-E99D-36DE-9129-0B7E3AE6FD5A} = {4A8A6625-E99D-36DE-9129-0B7E3AE6FD5A}
		{018A9E8F-7DBC-3371-AB80-7845BF42D9F9} = {018A9E8F-7DBC-3371-AB80-7845BF42D9F9}
	EndProjectSection
EndProject
Project("{8BC9CEB8-8B4A-11D0-8D11-00A0C91BC942}") = "kern_repl", "kern_repl.vcxproj", "{AC094399-8D5F-3D53-A9EE-B1D69BEF492F}"
	ProjectSection(ProjectDependencies) = postProject
		{870E5834-BD69-3650-8A96-0E39E07B03D8} = {870E5834-BD69-3650-8A96-0E39E07B03D8}
		{5CC7DBD2-72DD-32D6-8881-F9FF0B06E77D} = {5CC7DBD2-72DD-32D6-8881-F9FF0B06E77D}
		{498113A0-C8A2-385A-B259-298215D21A58} = {498113A0-C8A2-385A-B259-298215D21A58}
		{4C424FE6-074B-3C77-A5F6-6C37DEA0FC9F} = {4C424FE6-074B-3C77-A5F6-6C37DEA0FC9F}
		{4A8A6625-E99D-36DE-9129-0B7E3AE6FD5A} = {4A8A6625-E99D-36DE-9129-0B7E3AE6FD5A}
		{018A9E8F-7DBC-3371-AB80-7845BF42D9F9} = {018A9E8F-7DBC-3371-AB80-7845BF42D9F9}
	EndProjectSection
EndProject
Project("{8BC9CEB8-8B4A-11D0-8D11-00A0C91BC942}") = "kernc", "kernc.vcxproj", "{00EE7E04-CCBB-3368-86E5-C19D5CB9D2E2}"
	ProjectSection(ProjectDependencies) = postProject
		{870E5834-BD69-3650-8A96-0E39E07B03D8} = {870E5834-BD69-3650-8A96-0E39E07B03D8}
		{5CC7DBD2-72DD-32D6-8881-F9FF0B06E77D} = {5CC7DBD2-72DD-32D6-8881-F9FF0B06E77D}
		{498113A0-C8A2-385A-B259-298215D21A58} = {498113A0-C8A2-385A-B259-298215D21A58}
		{4C424FE6-074B-3C77-A5F6-6C37DEA0FC9F} = {4C424FE6-074B-3C77-A5F6-6C37DEA0FC9F}
		{4A8A6625-E99D-36DE-9129-0B7E3AE6FD5A} = {4A8A6625-E99D-36DE-9129-0B7E3AE6FD5A}
		{018A9E8F-7DBC-3371-AB80-7845BF42D9F9} = {018A9E8F-7DBC-3371-AB80-7845BF42D9F9}
	EndProjectSection
EndProject
Project("{8BC9CEB8-8B4A-11D0-8D11-00A0C91BC942}") = "raylib", "_deps\raylib_external-build\raylib\raylib.vcxproj", "{018A9E8F-7DBC-3371-AB80-7845BF42D9F9}"
	ProjectSection(ProjectDependencies) = postProject
		{870E5834-BD69-3650-8A96-0E39E07B03D8} = {870E5834-BD69-3650-8A96-0E39E07B03D8}
		{5CC7DBD2-72DD-32D6-8881-F9FF0B06E77D} = {5CC7DBD2-72DD-32D6-8881-F9FF0B06E77D}
	EndProjectSection
EndProject
Project("{8BC9CEB8-8B4A-11D0-8D11-00A0C91BC942}") = "uninstall", "_deps\raylib_external-build\uninstall.vcxproj", "{2E37C61D-2BFE-3D0B-8988-FA6C50170375}"
	ProjectSection(ProjectDependencies) = postProject
		{870E5834-BD69-3650-8A96-0E39E07B03D8} = {870E5834-BD69-3650-8A96-0E39E07B03D8}
	EndProjectSection
EndProject
Project("{8BC9CEB8-8B4A-11D0-8D11-00A0C91BC942}") = "update_mappings", "_deps\raylib_external-build\raylib\external\glfw\src\update_mappings.vcxproj", "{02010D93-1EBD-317A-B67D-8A0922E007F9}"
	ProjectSection(ProjectDependencies) = postProject
		{870E5834-BD69-3650-8A96-0E39E07B03D8} = {870E5834-BD69-3650-8A96-0E39E07B03D8}
	EndProjectSection
EndProject
Global
	GlobalSection(SolutionConfigurationPlatforms) = preSolution
		Debug|x64 = Debug|x64
		Release|x64 = Release|x64
		MinSizeRel|x64 = MinSizeRel|x64
		RelWithDebInfo|x64 = RelWithDebInfo|x64
	EndGlobalSection
	GlobalSection(ProjectConfigurationPlatforms) = postSolution
		{54A48835-9494-3956-882F-C9E72DC42407}.Debug|x64.ActiveCfg = Debug|x64
		{54A48835-9494-3956-882F-C9E72DC42407}.Debug|x64.Build.0 = Debug|x64
		{54A48835-9494-3956-882F-C9E72DC42407}.Release|x64.ActiveCfg = Release|x64
		{54A48835-9494-3956-882F-C9E72DC42407}.Release|x64.Build.0 = Release|x64
		{54A48835-9494-3956-882F-C9E72DC42407}.MinSizeRel|x64.ActiveCfg = MinSizeRel|x64
		{54A48835-9494-3956-882F-C9E72DC42407}.MinSizeRel|x64.Build.0 = MinSizeRel|x64
		{54A48835-9494-3956-882F-C9E72DC42407}.RelWithDebInfo|x64.ActiveCfg = RelWithDebInfo|x64
		{54A48835-9494-3956-882F-C9E72DC42407}.RelWithDebInfo|x64.Build.0 = RelWithDebInfo|x64
		{905F3A7C-7BDC-35BA-8D9F-5D212F98E858}.Debug|x64.ActiveCfg = Debug|x64
		{905F3A7C-7BDC-35BA-8D9F-5D212F98E858}.Release|x64.ActiveCfg = Release|x64
		{905F3A7C-7BDC-35BA-8D9F-5D212F98E858}.MinSizeRel|x64.ActiveCfg = MinSizeRel|x64
		{905F3A7C-7BDC-35BA-8D9F-5D212F98E858}.RelWithDebInfo|x64.ActiveCfg = RelWithDebInfo|x64
		{A2594237-BFF8-3F03-9C78-043D9DD0656E}.Debug|x64.ActiveCfg = Debug|x64
		{A2594237-BFF8-3F03-9C78-043D9DD0656E}.Release|x64.ActiveCfg = Release|x64
		{A2594237-BFF8-3F03-9C78-043D9DD0656E}.MinSizeRel|x64.ActiveCfg = MinSizeRel|x64
		{A2594237-BFF8-3F03-9C78-043D9DD0656E}.RelWithDebInfo|x64.ActiveCfg = RelWithDebInfo|x64
		{870E5834-BD69-3650-8A96-0E39E07B03D8}.Debug|x64.ActiveCfg = Debug|x64
		{870E5834-BD69-3650-8A96-0E39E07B03D8}.Debug|x64.Build.0 = Debug|x64
		{870E5834-BD69-3650-8A96-0E39E07B03D8}.Release|x64.ActiveCfg = Release|x64
		{870E5834-BD69-3650-8A96-0E39E07B03D8}.Release|x64.Build.0 = Release|x64
		{870E5834-BD69-3650-8A96-0E39E07B03D8}.MinSizeRel|x64.ActiveCfg = MinSizeRel|x64
		{870E5834-BD69-3650-8A96-0E39E07B03D8}.MinSizeRel|x64.Build.0 = MinSizeRel|x64
		{870E5834-BD69-3650-8A96-0E39E07B03D8}.RelWithDebInfo|x64.ActiveCfg = RelWithDebInfo|x64
		{870E5834-BD69-3650-8A96-0E39E07B03D8}.RelWithDebInfo|x64.Build.0 = RelWithDebInfo|x64
		{5CC7DBD2-72DD-32D6-8881-F9FF0B06E77D}.Debug|x64.ActiveCfg = Debug|x64
		{5CC7DBD2-72DD-32D6-8881-F9FF0B06E77D}.Debug|x64.Build.0 = Debug|x64
		{5CC7DBD2-72DD-32D6-8881-F9FF0B06E77D}.Release|x64.ActiveCfg = Release|x64
		{5CC7DBD2-72DD-32D6-8881-F9FF0B06E77D}.Release|x64.Build.0 = Release|x64
		{5CC7DBD2-72DD-32D6-8881-F9FF0B06E77D}.MinSizeRel|x64.ActiveCfg = MinSizeRel|x64
		{5CC7DBD2-72DD-32D6-8881-F9FF0B06E77D}.MinSizeRel|x64.Build.0 = MinSizeRel|x64
		{5CC7DBD2-72DD-32D6-8881-F9FF0B06E77D}.RelWithDebInfo|x64.ActiveCfg = RelWithDebInfo|x64
		{5CC7DBD2-72DD-32D6-8881-F9FF0B06E77D}.RelWithDebInfo|x64.Build.0 = RelWithDebInfo|x64
		{3566A04B-CF85-3ECF-B042-6786760799BD}.Debug|x64.ActiveCfg = Debug|x64
		{3566A04B-CF85-3ECF-B042-6786760799BD}.Debug|x64.Build.0 = Debug|x64
		{3566A04B-CF85-3ECF-B042-6786760799BD}.Release|x64.ActiveCfg = Release|x64
		{3566A04B-CF85-3ECF-B042-6786760799BD}.Release|x64.Build.0 = Release|x64
		{3566A04B-CF85-3ECF-B042-6786760799BD}.MinSizeRel|x64.ActiveCfg = MinSizeRel|x64
		{3566A04B-CF85-3ECF-B042-6786760799BD}.MinSizeRel|x64.Build.0 = MinSizeRel|x64
		{3566A04B-CF85-3ECF-B042-6786760799BD}.RelWithDebInfo|x64.ActiveCfg = RelWithDebInfo|x64
		{3566A04B-CF85-3ECF-B042-6786760799BD}.RelWithDebInfo|x64.Build.0 = RelWithDebInfo|x64
		{2C55AB0F-E138-34BD-BACA-630DFB6C7C7E}.Debug|x64.ActiveCfg = Debug|x64
		{2C55AB0F-E138-34BD-BACA-630DFB6C7C7E}.Debug|x64.Build.0 = Debug|x64
		{2C55AB0F-E138-34BD-BACA-630DFB6C7C7E}.Release|x64.ActiveCfg = Release|x64
		{2C55AB0F-E138-34BD-BACA-630DFB6C7C7E}.Release|x64.Build.0 = Release|x64
		{2C55AB0F-E138-34BD-BACA-630DFB6C7C7E}.MinSizeRel|x64.ActiveCfg = MinSizeRel|x64
		{2C55AB0F-E138-34BD-BACA-630DFB6C7C7E}.MinSizeRel|x64.Build.0 = MinSizeRel|x64
		{2C55AB0F-E138-34BD-BACA-630DFB6C7C7E}.RelWithDebInfo|x64.ActiveCfg = RelWithDebInfo|x64
		{2C55AB0F-E138-34BD-BACA-630DFB6C7C7E}.RelWithDebInfo|x64.Build.0 = RelWithDebInfo|x64
		{D47651F7-2F70-3410-AB3C-46CCE9668062}.Debug|x64.ActiveCfg = Debug|x64
		{D47651F7-2F70-3410-AB3C-46CCE9668062}.Debug|x64.Build.0 = Debug|x64
		{D47651F7-2F70-3410-AB3C-46CCE9668062}.Release|x64.ActiveCfg = Release|x64
		{D47651F7-2F70-3410-AB3C-46CCE9668062}.Release|x64.Build.0 = Release|x64
		{D47651F7-2F70-3410-AB3C-46CCE9668062}.MinSizeRel|x64.ActiveCfg = MinSizeRel|x64
		{D47651F7-2F70-3410-AB3C-46CCE9668062}.MinSizeRel|x64.Build.0 = MinSizeRel|x64
		{D47651F7-2F70-3410-AB3C-46CCE9668062}.RelWithDebInfo|x64.ActiveCfg = RelWithDebInfo|x64
		{D47651F7-2F70-3410-AB3C-46CCE9668062}.RelWithDebInfo|x64.Build.0 = RelWithDebInfo|x64
		{C3240F28-4834-3A5B-849D-A1C1DF628A69}.Debug|x64.ActiveCfg = Debug|x64
		{C3240F28-4834-3A5B-849D-A1C1DF628A69}.Debug|x64.Build.0 = Debug|x64
		{C3240F28-4834-3A5B-849D-A1C1DF628A69}.Release|x64.ActiveCfg = Release|x64
		{C3240F28-4834-3A5B-849D-A1C1DF628A69}.Release|x64.Build.0 = Release|x64
		{C3240F28-4834-3A5B-849D-A1C1DF628A69}.MinSizeRel|x64.ActiveCfg = MinSizeRel|x64
		{C3240F28-4834-3A5B-849D-A1C1DF628A69}.MinSizeRel|x64.Build.0 = MinSizeRel|x64
		{C3240F28-4834-3A5B-849D-A1C1DF628A69}.RelWithDebInfo|x64.ActiveCfg = RelWithDebInfo|x64
		{C3240F28-4834-3A5B-849D-A1C1DF628A69}.RelWithDebInfo|x64.Build.0 = RelWithDebInfo|x64
		{498113A0-C8A2-385A-B259-298215D21A58}.Debug|x64.ActiveCfg = Debug|x64
		{498113A0-C8A2-385A-B259-298215D21A58}.Debug|x64.Build.0 = Debug|x64
		{498113A0-C8A2-385A-B259-298215D21A58}.Release|x64.ActiveCfg = Release|x64
		{498113A0-C8A2-385A-B259-298215D21A58}.Release|x64.Build.0 = Release|x64
		{498113A0-C8A2-385A-B259-298215D21A58}.MinSizeRel|x64.ActiveCfg = MinSizeRel|x64
		{498113A0-C8A2-385A-B259-298215D21A58}.MinSizeRel|x64.Build.0 = MinSizeRel|x64
		{498113A0-C8A2-385A-B259-298215D21A58}.RelWithDebInfo|x64.ActiveCfg = RelWithDebInfo|x64
		{498113A0-C8A2-385A-B259-298215D21A58}.RelWithDebInfo|x64.Build.0 = RelWithDebInfo|x64
		{4C424FE6-074B-3C77-A5F6-6C37DEA0FC9F}.Debug|x64.ActiveCfg = Debug|x64
		{4C424FE6-074B-3C77-A5F6-6C37DEA0FC9F}.Debug|x64.Build.0 = Debug|x64
		{4C424FE6-074B-3C77-A5F6-6C37DEA0FC9F}.Release|x64.ActiveCfg = Release|x64
		{4C424FE6-074B-3C77-A5F6-6C37DEA0FC9F}.Release|x64.Build.0 = Release|x64
		{4C424FE6-074B-3C77-A5F6-6C37DEA0FC9F}.MinSizeRel|x64.ActiveCfg = MinSizeRel|x64
		{4C424FE6-074B-3C77-A5F6-6C37DEA0FC9F}.MinSizeRel|x64.Build.0 = MinSizeRel|x64
		{4C424FE6-074B-3C77-A5F6-6C37DEA0FC9F}.RelWithDebInfo|x64.ActiveCfg = RelWithDebInfo|x64
		{4C424FE6-074B-3C77-A5F6-6C37DEA0FC9F}.RelWithDebInfo|x64.Build.0 = RelWithDebInfo|x64
		{B487783F-3E7A-366E-87E9-1BFEFFC4AE99}.Debug|x64.ActiveCfg = Debug|x64
		{B487783F-3E7A-366E-87E9-1BFEFFC4AE99}.Debug|x64.Build.0 = Debug|x64
		{B487783F-3E7A-366E-87E9-1BFEFFC4AE99}.Release|x64.ActiveCfg = Release|x64
		{B487783F-3E7A-366E-87E9-1BFEFFC4AE99}.Release|x64.Build.0 = Release|x64
		{B487783F-3E7A-366E-87E9-1BFEFFC4AE99}.MinSizeRel|x64.ActiveCfg = MinSizeRel|x64
		{B487783F-3E7A-366E-87E9-1BFEFFC4AE99}.MinSizeRel|x64.Build.0 = MinSizeRel|x64
		{B487783F-3E7A-366E-87E9-1BFEFFC4AE99}.RelWithDebInfo|x64.ActiveCfg = RelWithDebInfo|x64
		{B487783F-3E7A-366E-87E9-1BFEFFC4AE99}.RelWithDebInfo|x64.Build.0 = RelWithDebInfo|x64
		{4A8A6625-E99D-36DE-9129-0B7E3AE6FD5A}.Debug|x64.ActiveCfg = Debug|x64
		{4A8A6625-E99D-36DE-9129-0B7E3AE6FD5A}.Debug|x64.Build.0 = Debug|x64
		{4A8A6625-E99D-36DE-9129-0B7E3AE6FD5A}.Release|x64.ActiveCfg = Release|x64
		{4A8A6625-E99D-36DE-9129-0B7E3AE6FD5A}.Release|x64.Build.0 = Release|x64
		{4A8A6625-E99D-36DE-9129-0B7E3AE6FD5A}.MinSizeRel|x64.ActiveCfg = MinSizeRel|x64
		{4A8A6625-E99D-36DE-9129-0B7E3AE6FD5A}.MinSizeRel|x64.Build.0 = MinSizeRel|x64
		{4A8A6625-E99D-36DE-9129-0B7E3AE6FD5A}.RelWithDebInfo|x64.ActiveCfg = RelWithDebInfo|x64
		{4A8A6625-E99D-36DE-9129-0B7E3AE6FD5A}.RelWithDebInfo|x64.Build.0 = RelWithDebInfo|x64
		{AF8DDB37-2355-3720-8452-D09D212ECA89}.Debug|x64.ActiveCfg = Debug|x64
		{AF8DDB37-2355-3720-8452-D09D212ECA89}.Debug|x64.Build.0 = Debug|x64
		{AF8DDB37-2355-3720-8452-D09D212ECA89}.Release|x64.ActiveCfg = Release|x64
		{AF8DDB37-2355-3720-8452-D09D212ECA89}.Release|x64.Build.0 = Release|x64
		{AF8DDB37-2355-3720-8452-D09D212ECA89}.MinSizeRel|x64.ActiveCfg = MinSizeRel|x64
		{AF8DDB37-2355-3720-8452-D09D212ECA89}.MinSizeRel|x64.Build.0 = MinSizeRel|x64
		{AF8DDB37-2355-3720-8452-D09D212ECA89}.RelWithDebInfo|x64.ActiveCfg = RelWithDebInfo|x64
		{AF8DDB37-2355-3720-8452-D09D212ECA89}.RelWithDebInfo|x64.Build.0 = RelWithDebInfo|x64
		{FFD8BECC-0558-3009-82C8-8C555869E747}.Debug|x64.ActiveCfg = Debug|x64
		{FFD8BECC-0558-3009-82C8-8C555869E747}.Debug|x64.Build.0 = Debug|x64
		{FFD8BECC-0558-3009-82C8-8C555869E747}.Release|x64.ActiveCfg = Release|x64
		{FFD8BECC-0558-3009-82C8-8C555869E747}.Release|x64.Build.0 = Release|x64
		{FFD8BECC-0558-3009-82C8-8C555869E747}.MinSizeRel|x64.ActiveCfg = MinSizeRel|x64
		{FFD8BECC-0558-3009-82C8-8C555869E747}.MinSizeRel|x64.Build.0 = MinSizeRel|x64
		{FFD8BECC-0558-3009-82C8-8C555869E747}.RelWithDebInfo|x64.ActiveCfg = RelWithDebInfo|x64
		{FFD8BECC-0558-3009-82C8-8C555869E747}.RelWithDebInfo|x64.Build.0 = RelWithDebInfo|x64
		{AC094399-8D5F-3D53-A9EE-B1D69BEF492F}.Debug|x64.ActiveCfg = Debug|x64
		{AC094399-8D5F-3D53-A9EE-B1D69BEF492F}.Debug|x64.Build.0 = Debug|x64
		{AC094399-8D5F-3D53-A9EE-B1D69BEF492F}.Release|x64.ActiveCfg = Release|x64
		{AC094399-8D5F-3D53-A9EE-B1D69BEF492F}.Release|x64.Build.0 = Release|x64
		{AC094399-8D5F-3D53-A9EE-B1D69BEF492F}.MinSizeRel|x64.ActiveCfg = MinSizeRel|x64
		{AC094399-8D5F-3D53-A9EE-B1D69BEF492F}.MinSizeRel|x64.Build.0 = MinSizeRel|x64
		{AC094399-8D5F-3D53-A9EE-B1D69BEF492F}.RelWithDebInfo|x64.ActiveCfg = RelWithDebInfo|x64
		{AC094399-8D5F-3D53-A9EE-B1D69BEF492F}.RelWithDebInfo|x64.Build.0 = RelWithDebInfo|x64
		{00EE7E04-CCBB-3368-86E5-C19D5CB9D2E2}.Debug|x64.ActiveCfg = Debug|x64
		{00EE7E04-CCBB-3368-86E5-C19D5CB9D2E2}.Debug|x64.Build.0 = Debug|x64
		{00EE7E04-CCBB-3368-86E5-C19D5CB9D2E2}.Release|x64.ActiveCfg = Release|x64
		{00EE7E04-CCBB-3368-86E5-C19D5CB9D2E2}.Release|x64.Build.0 = Release|x64
		{00EE7E04-CCBB-3368-86E5-C19D5CB9D2E2}.MinSizeRel|x64.ActiveCfg = MinSizeRel|x64
		{00EE7E04-CCBB-3368-86E5-C19D5CB9D2E2}.MinSizeRel|x64.Build.0 = MinSizeRel|x64
		{00EE7E04-CCBB-3368-86E5-C19D5CB9D2E2}.RelWithDebInfo|x64.ActiveCfg = RelWithDebInfo|x64
		{00EE7E04-CCBB-3368-86E5-C19D5CB9D2E2}.RelWithDebInfo|x64.Build.0 = RelWithDebInfo|x64
		{018A9E8F-7DBC-3371-AB80-7845BF42D9F9}.Debug|x64.ActiveCfg = Debug|x64
		{018A9E8F-7DBC-3371-AB80-7845BF42D9F9}.Debug|x64.Build.0 = Debug|x64
		{018A9E8F-7DBC-3371-AB80-7845BF42D9F9}.Release|x64.ActiveCfg = Release|x64
		{018A9E8F-7DBC-3371-AB80-7845BF42D9F9}.Release|x64.Build.0 = Release|x64
		{018A9E8F-7DBC-3371-AB80-7845BF42D9F9}.MinSizeRel|x64.ActiveCfg = MinSizeRel|x64
		{018A9E8F-7DBC-3371-AB80-7845BF42D9F9}.MinSizeRel|x64.Build.0 = MinSizeRel|x64
		{018A9E8F-7DBC-3371-AB80-7845BF42D9F9}.RelWithDebInfo|x64.ActiveCfg = RelWithDebInfo|x64
		{018A9E8F-7DBC-3371-AB80-7845BF42D9F9}.RelWithDebInfo|x64.Build.0 = RelWithDebInfo|x64
		{2E37C61D-2BFE-3D0B-8988-FA6C50170375}.Debug|x64.ActiveCfg = Debug|x64
		{2E37C61D-2BFE-3D0B-8988-FA6C50170375}.Release|x64.ActiveCfg = Release|x64
		{2E37C61D-2BFE-3D0B-8988-FA6C50170375}.MinSizeRel|x64.ActiveCfg = MinSizeRel|x64
		{2E37C61D-2BFE-3D0B-8988-FA6C50170375}.RelWithDebInfo|x64.ActiveCfg = RelWithDebInfo|x64
		{02010D93-1EBD-317A-B67D-8A0922E007F9}.Debug|x64.ActiveCfg = Debug|x64
		{02010D93-1EBD-317A-B67D-8A0922E007F9}.Release|x64.ActiveCfg = Release|x64
		{02010D93-1EBD-317A-B67D-8A0922E007F9}.MinSizeRel|x64.ActiveCfg = MinSizeRel|x64
		{02010D93-1EBD-317A-B67D-8A0922E007F9}.RelWithDebInfo|x64.ActiveCfg = RelWithDebInfo|x64
	EndGlobalSection
	GlobalSection(NestedProjects) = preSolution
		{54A48835-9494-3956-882F-C9E72DC42407} = {01CEF9C5-94C7-307D-BB3C-E4CDE72856E1}
		{905F3A7C-7BDC-35BA-8D9F-5D212F98E858} = {01CEF9C5-94C7-307D-BB3C-E4CDE72856E1}
		{A2594237-BFF8-3F03-9C78-043D9DD0656E} = {01CEF9C5-94C7-307D-BB3C-E4CDE72856E1}
		{870E5834-BD69-3650-8A96-0E39E07B03D8} = {01CEF9C5-94C7-307D-BB3C-E4CDE72856E1}
		{5CC7DBD2-72DD-32D6-8881-F9FF0B06E77D} = {1DB3C5F6-B90D-3E60-9A6C-F02396C83C62}
		{02010D93-1EBD-317A-B67D-8A0922E007F9} = {1DB3C5F6-B90D-3E60-9A6C-F02396C83C62}
	EndGlobalSection
	GlobalSection(ExtensibilityGlobals) = postSolution
		SolutionGuid = {489647EA-207F-3A53-83DE-E5545AED6E5A}
	EndGlobalSection
	GlobalSection(ExtensibilityAddIns) = postSolution
	EndGlobalSection
EndGlobal
