
Microsoft Visual Studio Solution File, Format Version 12.00
# Visual Studio Version 17
Project("{2150E333-8FDC-42A3-9474-1A3956D46DE8}") = "CMakePredefinedTargets", "CMakePredefinedTargets", "{A03124D6-6A7B-3BA1-8B08-7F75AB0AD978}"
EndProject
Project("{2150E333-8FDC-42A3-9474-1A3956D46DE8}") = "GLFW3", "GLFW3", "{311EF59F-504F-34E6-9E12-AE74D5B65AA5}"
EndProject
Project("{8BC9CEB8-8B4A-11D0-8D11-00A0C91BC942}") = "ALL_BUILD", "ALL_BUILD.vcxproj", "{745E8706-2353-3518-A5D0-96AC19CEB5D9}"
	ProjectSection(ProjectDependencies) = postProject
		{4B1FF514-1D32-399B-9A68-685805184431} = {4B1FF514-1D32-399B-9A68-685805184431}
		{B56F3D97-1685-3DE5-97E2-CEE98260737F} = {B56F3D97-1685-3DE5-97E2-CEE98260737F}
		{8A853B8E-F963-373C-AF16-6139F10D360F} = {8A853B8E-F963-373C-AF16-6139F10D360F}
		{7B244CAD-505A-3996-9DBF-5F9C95020D58} = {7B244CAD-505A-3996-9DBF-5F9C95020D58}
		{8EC68604-9358-3385-A8B0-1645FDDA995E} = {8EC68604-9358-3385-A8B0-1645FDDA995E}
		{466A06AC-CA29-3279-ABCB-C4167EDB2506} = {466A06AC-CA29-3279-ABCB-C4167EDB2506}
		{15EF3758-2286-3A7F-B21F-FDF09741A32F} = {15EF3758-2286-3A7F-B21F-FDF09741A32F}
		{9E69548C-6437-3CB3-BE1F-2F86B5934F12} = {9E69548C-6437-3CB3-BE1F-2F86B5934F12}
		{279B8110-B546-3013-AF0B-5839F4791FFB} = {279B8110-B546-3013-AF0B-5839F4791FFB}
		{3FCFAB36-0B9D-3EE3-A32C-8C4CB814124E} = {3FCFAB36-0B9D-3EE3-A32C-8C4CB814124E}
		{3022F4F0-07BE-3AAB-863B-9384B201CE25} = {3022F4F0-07BE-3AAB-863B-9384B201CE25}
		{F53F1904-5CF7-35EB-B0BC-92308E0C4760} = {F53F1904-5CF7-35EB-B0BC-92308E0C4760}
		{BC31C62B-C37E-3D18-BB80-305C030DDCDE} = {BC31C62B-C37E-3D18-BB80-305C030DDCDE}
		{1729E036-EDB0-3414-A2AA-A7898E437D4F} = {1729E036-EDB0-3414-A2AA-A7898E437D4F}
		{4D5527E5-C678-345A-92C0-8DEB14E4DB5C} = {4D5527E5-C678-345A-92C0-8DEB14E4DB5C}
	EndProjectSection
EndProject
Project("{8BC9CEB8-8B4A-11D0-8D11-00A0C91BC942}") = "INSTALL", "INSTALL.vcxproj", "{812DC902-B7AB-3D4C-AFF2-6DAEDDECA011}"
	ProjectSection(ProjectDependencies) = postProject
		{745E8706-2353-3518-A5D0-96AC19CEB5D9} = {745E8706-2353-3518-A5D0-96AC19CEB5D9}
		{4B1FF514-1D32-399B-9A68-685805184431} = {4B1FF514-1D32-399B-9A68-685805184431}
	EndProjectSection
EndProject
Project("{8BC9CEB8-8B4A-11D0-8D11-00A0C91BC942}") = "PACKAGE", "PACKAGE.vcxproj", "{BA84DECD-EF62-33C8-ADEE-6C108296209C}"
	ProjectSection(ProjectDependencies) = postProject
		{745E8706-2353-3518-A5D0-96AC19CEB5D9} = {745E8706-2353-3518-A5D0-96AC19CEB5D9}
		{4B1FF514-1D32-399B-9A68-685805184431} = {4B1FF514-1D32-399B-9A68-685805184431}
	EndProjectSection
EndProject
Project("{8BC9CEB8-8B4A-11D0-8D11-00A0C91BC942}") = "ZERO_CHECK", "ZERO_CHECK.vcxproj", "{4B1FF514-1D32-399B-9A68-685805184431}"
	ProjectSection(ProjectDependencies) = postProject
	EndProjectSection
EndProject
Project("{8BC9CEB8-8B4A-11D0-8D11-00A0C91BC942}") = "glfw", "_deps\raylib_external-build\raylib\external\glfw\src\glfw.vcxproj", "{B56F3D97-1685-3DE5-97E2-CEE98260737F}"
	ProjectSection(ProjectDependencies) = postProject
		{4B1FF514-1D32-399B-9A68-685805184431} = {4B1FF514-1D32-399B-9A68-685805184431}
	EndProjectSection
EndProject
Project("{8BC9CEB8-8B4A-11D0-8D11-00A0C91BC942}") = "kargo", "kargo.vcxproj", "{8A853B8E-F963-373C-AF16-6139F10D360F}"
	ProjectSection(ProjectDependencies) = postProject
		{4B1FF514-1D32-399B-9A68-685805184431} = {4B1FF514-1D32-399B-9A68-685805184431}
		{9E69548C-6437-3CB3-BE1F-2F86B5934F12} = {9E69548C-6437-3CB3-BE1F-2F86B5934F12}
	EndProjectSection
EndProject
Project("{8BC9CEB8-8B4A-11D0-8D11-00A0C91BC942}") = "kern", "kern.vcxproj", "{7B244CAD-505A-3996-9DBF-5F9C95020D58}"
	ProjectSection(ProjectDependencies) = postProject
		{4B1FF514-1D32-399B-9A68-685805184431} = {4B1FF514-1D32-399B-9A68-685805184431}
		{B56F3D97-1685-3DE5-97E2-CEE98260737F} = {B56F3D97-1685-3DE5-97E2-CEE98260737F}
		{15EF3758-2286-3A7F-B21F-FDF09741A32F} = {15EF3758-2286-3A7F-B21F-FDF09741A32F}
		{9E69548C-6437-3CB3-BE1F-2F86B5934F12} = {9E69548C-6437-3CB3-BE1F-2F86B5934F12}
		{3FCFAB36-0B9D-3EE3-A32C-8C4CB814124E} = {3FCFAB36-0B9D-3EE3-A32C-8C4CB814124E}
		{4D5527E5-C678-345A-92C0-8DEB14E4DB5C} = {4D5527E5-C678-345A-92C0-8DEB14E4DB5C}
	EndProjectSection
EndProject
Project("{8BC9CEB8-8B4A-11D0-8D11-00A0C91BC942}") = "kern-scan", "kern-scan.vcxproj", "{8EC68604-9358-3385-A8B0-1645FDDA995E}"
	ProjectSection(ProjectDependencies) = postProject
		{4B1FF514-1D32-399B-9A68-685805184431} = {4B1FF514-1D32-399B-9A68-685805184431}
		{B56F3D97-1685-3DE5-97E2-CEE98260737F} = {B56F3D97-1685-3DE5-97E2-CEE98260737F}
		{15EF3758-2286-3A7F-B21F-FDF09741A32F} = {15EF3758-2286-3A7F-B21F-FDF09741A32F}
		{9E69548C-6437-3CB3-BE1F-2F86B5934F12} = {9E69548C-6437-3CB3-BE1F-2F86B5934F12}
		{3FCFAB36-0B9D-3EE3-A32C-8C4CB814124E} = {3FCFAB36-0B9D-3EE3-A32C-8C4CB814124E}
		{4D5527E5-C678-345A-92C0-8DEB14E4DB5C} = {4D5527E5-C678-345A-92C0-8DEB14E4DB5C}
	EndProjectSection
EndProject
Project("{8BC9CEB8-8B4A-11D0-8D11-00A0C91BC942}") = "kern_contract_humanize", "kern_contract_humanize.vcxproj", "{466A06AC-CA29-3279-ABCB-C4167EDB2506}"
	ProjectSection(ProjectDependencies) = postProject
		{4B1FF514-1D32-399B-9A68-685805184431} = {4B1FF514-1D32-399B-9A68-685805184431}
	EndProjectSection
EndProject
Project("{8BC9CEB8-8B4A-11D0-8D11-00A0C91BC942}") = "kern_core", "kern_core.vcxproj", "{15EF3758-2286-3A7F-B21F-FDF09741A32F}"
	ProjectSection(ProjectDependencies) = postProject
		{4B1FF514-1D32-399B-9A68-685805184431} = {4B1FF514-1D32-399B-9A68-685805184431}
		{9E69548C-6437-3CB3-BE1F-2F86B5934F12} = {9E69548C-6437-3CB3-BE1F-2F86B5934F12}
	EndProjectSection
EndProject
Project("{8BC9CEB8-8B4A-11D0-8D11-00A0C91BC942}") = "kern_env_lib", "kern_env_lib.vcxproj", "{9E69548C-6437-3CB3-BE1F-2F86B5934F12}"
	ProjectSection(ProjectDependencies) = postProject
		{4B1FF514-1D32-399B-9A68-685805184431} = {4B1FF514-1D32-399B-9A68-685805184431}
	EndProjectSection
EndProject
Project("{8BC9CEB8-8B4A-11D0-8D11-00A0C91BC942}") = "kern_game", "kern_game.vcxproj", "{279B8110-B546-3013-AF0B-5839F4791FFB}"
	ProjectSection(ProjectDependencies) = postProject
		{4B1FF514-1D32-399B-9A68-685805184431} = {4B1FF514-1D32-399B-9A68-685805184431}
		{B56F3D97-1685-3DE5-97E2-CEE98260737F} = {B56F3D97-1685-3DE5-97E2-CEE98260737F}
		{15EF3758-2286-3A7F-B21F-FDF09741A32F} = {15EF3758-2286-3A7F-B21F-FDF09741A32F}
		{9E69548C-6437-3CB3-BE1F-2F86B5934F12} = {9E69548C-6437-3CB3-BE1F-2F86B5934F12}
		{3FCFAB36-0B9D-3EE3-A32C-8C4CB814124E} = {3FCFAB36-0B9D-3EE3-A32C-8C4CB814124E}
		{4D5527E5-C678-345A-92C0-8DEB14E4DB5C} = {4D5527E5-C678-345A-92C0-8DEB14E4DB5C}
	EndProjectSection
EndProject
Project("{8BC9CEB8-8B4A-11D0-8D11-00A0C91BC942}") = "kern_gfx", "kern_gfx.vcxproj", "{3FCFAB36-0B9D-3EE3-A32C-8C4CB814124E}"
	ProjectSection(ProjectDependencies) = postProject
		{4B1FF514-1D32-399B-9A68-685805184431} = {4B1FF514-1D32-399B-9A68-685805184431}
		{B56F3D97-1685-3DE5-97E2-CEE98260737F} = {B56F3D97-1685-3DE5-97E2-CEE98260737F}
		{15EF3758-2286-3A7F-B21F-FDF09741A32F} = {15EF3758-2286-3A7F-B21F-FDF09741A32F}
		{9E69548C-6437-3CB3-BE1F-2F86B5934F12} = {9E69548C-6437-3CB3-BE1F-2F86B5934F12}
		{4D5527E5-C678-345A-92C0-8DEB14E4DB5C} = {4D5527E5-C678-345A-92C0-8DEB14E4DB5C}
	EndProjectSection
EndProject
Project("{8BC9CEB8-8B4A-11D0-8D11-00A0C91BC942}") = "kern_launcher", "kern_launcher.vcxproj", "{3022F4F0-07BE-3AAB-863B-9384B201CE25}"
	ProjectSection(ProjectDependencies) = postProject
		{4B1FF514-1D32-399B-9A68-685805184431} = {4B1FF514-1D32-399B-9A68-685805184431}
	EndProjectSection
EndProject
Project("{8BC9CEB8-8B4A-11D0-8D11-00A0C91BC942}") = "kern_lsp", "kern_lsp.vcxproj", "{F53F1904-5CF7-35EB-B0BC-92308E0C4760}"
	ProjectSection(ProjectDependencies) = postProject
		{4B1FF514-1D32-399B-9A68-685805184431} = {4B1FF514-1D32-399B-9A68-685805184431}
		{B56F3D97-1685-3DE5-97E2-CEE98260737F} = {B56F3D97-1685-3DE5-97E2-CEE98260737F}
		{15EF3758-2286-3A7F-B21F-FDF09741A32F} = {15EF3758-2286-3A7F-B21F-FDF09741A32F}
		{9E69548C-6437-3CB3-BE1F-2F86B5934F12} = {9E69548C-6437-3CB3-BE1F-2F86B5934F12}
		{3FCFAB36-0B9D-3EE3-A32C-8C4CB814124E} = {3FCFAB36-0B9D-3EE3-A32C-8C4CB814124E}
		{4D5527E5-C678-345A-92C0-8DEB14E4DB5C} = {4D5527E5-C678-345A-92C0-8DEB14E4DB5C}
	EndProjectSection
EndProject
Project("{8BC9CEB8-8B4A-11D0-8D11-00A0C91BC942}") = "kern_repl", "kern_repl.vcxproj", "{BC31C62B-C37E-3D18-BB80-305C030DDCDE}"
	ProjectSection(ProjectDependencies) = postProject
		{4B1FF514-1D32-399B-9A68-685805184431} = {4B1FF514-1D32-399B-9A68-685805184431}
		{B56F3D97-1685-3DE5-97E2-CEE98260737F} = {B56F3D97-1685-3DE5-97E2-CEE98260737F}
		{15EF3758-2286-3A7F-B21F-FDF09741A32F} = {15EF3758-2286-3A7F-B21F-FDF09741A32F}
		{9E69548C-6437-3CB3-BE1F-2F86B5934F12} = {9E69548C-6437-3CB3-BE1F-2F86B5934F12}
		{3FCFAB36-0B9D-3EE3-A32C-8C4CB814124E} = {3FCFAB36-0B9D-3EE3-A32C-8C4CB814124E}
		{4D5527E5-C678-345A-92C0-8DEB14E4DB5C} = {4D5527E5-C678-345A-92C0-8DEB14E4DB5C}
	EndProjectSection
EndProject
Project("{8BC9CEB8-8B4A-11D0-8D11-00A0C91BC942}") = "kernc", "kernc.vcxproj", "{1729E036-EDB0-3414-A2AA-A7898E437D4F}"
	ProjectSection(ProjectDependencies) = postProject
		{4B1FF514-1D32-399B-9A68-685805184431} = {4B1FF514-1D32-399B-9A68-685805184431}
		{B56F3D97-1685-3DE5-97E2-CEE98260737F} = {B56F3D97-1685-3DE5-97E2-CEE98260737F}
		{15EF3758-2286-3A7F-B21F-FDF09741A32F} = {15EF3758-2286-3A7F-B21F-FDF09741A32F}
		{9E69548C-6437-3CB3-BE1F-2F86B5934F12} = {9E69548C-6437-3CB3-BE1F-2F86B5934F12}
		{3FCFAB36-0B9D-3EE3-A32C-8C4CB814124E} = {3FCFAB36-0B9D-3EE3-A32C-8C4CB814124E}
		{4D5527E5-C678-345A-92C0-8DEB14E4DB5C} = {4D5527E5-C678-345A-92C0-8DEB14E4DB5C}
	EndProjectSection
EndProject
Project("{8BC9CEB8-8B4A-11D0-8D11-00A0C91BC942}") = "raylib", "_deps\raylib_external-build\raylib\raylib.vcxproj", "{4D5527E5-C678-345A-92C0-8DEB14E4DB5C}"
	ProjectSection(ProjectDependencies) = postProject
		{4B1FF514-1D32-399B-9A68-685805184431} = {4B1FF514-1D32-399B-9A68-685805184431}
		{B56F3D97-1685-3DE5-97E2-CEE98260737F} = {B56F3D97-1685-3DE5-97E2-CEE98260737F}
	EndProjectSection
EndProject
Project("{8BC9CEB8-8B4A-11D0-8D11-00A0C91BC942}") = "uninstall", "_deps\raylib_external-build\uninstall.vcxproj", "{F60B9D15-C013-3F5E-AD99-2941C944D06D}"
	ProjectSection(ProjectDependencies) = postProject
		{4B1FF514-1D32-399B-9A68-685805184431} = {4B1FF514-1D32-399B-9A68-685805184431}
	EndProjectSection
EndProject
Project("{8BC9CEB8-8B4A-11D0-8D11-00A0C91BC942}") = "update_mappings", "_deps\raylib_external-build\raylib\external\glfw\src\update_mappings.vcxproj", "{0608C0E3-DA09-3FE6-B670-14FEA3053F71}"
	ProjectSection(ProjectDependencies) = postProject
		{4B1FF514-1D32-399B-9A68-685805184431} = {4B1FF514-1D32-399B-9A68-685805184431}
	EndProjectSection
EndProject
Global
	GlobalSection(SolutionConfigurationPlatforms) = preSolution
		Debug|x64 = Debug|x64
		Release|x64 = Release|x64
		MinSizeRel|x64 = MinSizeRel|x64
		RelWithDebInfo|x64 = RelWithDebInfo|x64
	EndGlobalSection
	GlobalSection(ProjectConfigurationPlatforms) = postSolution
		{745E8706-2353-3518-A5D0-96AC19CEB5D9}.Debug|x64.ActiveCfg = Debug|x64
		{745E8706-2353-3518-A5D0-96AC19CEB5D9}.Debug|x64.Build.0 = Debug|x64
		{745E8706-2353-3518-A5D0-96AC19CEB5D9}.Release|x64.ActiveCfg = Release|x64
		{745E8706-2353-3518-A5D0-96AC19CEB5D9}.Release|x64.Build.0 = Release|x64
		{745E8706-2353-3518-A5D0-96AC19CEB5D9}.MinSizeRel|x64.ActiveCfg = MinSizeRel|x64
		{745E8706-2353-3518-A5D0-96AC19CEB5D9}.MinSizeRel|x64.Build.0 = MinSizeRel|x64
		{745E8706-2353-3518-A5D0-96AC19CEB5D9}.RelWithDebInfo|x64.ActiveCfg = RelWithDebInfo|x64
		{745E8706-2353-3518-A5D0-96AC19CEB5D9}.RelWithDebInfo|x64.Build.0 = RelWithDebInfo|x64
		{812DC902-B7AB-3D4C-AFF2-6DAEDDECA011}.Debug|x64.ActiveCfg = Debug|x64
		{812DC902-B7AB-3D4C-AFF2-6DAEDDECA011}.Release|x64.ActiveCfg = Release|x64
		{812DC902-B7AB-3D4C-AFF2-6DAEDDECA011}.MinSizeRel|x64.ActiveCfg = MinSizeRel|x64
		{812DC902-B7AB-3D4C-AFF2-6DAEDDECA011}.RelWithDebInfo|x64.ActiveCfg = RelWithDebInfo|x64
		{BA84DECD-EF62-33C8-ADEE-6C108296209C}.Debug|x64.ActiveCfg = Debug|x64
		{BA84DECD-EF62-33C8-ADEE-6C108296209C}.Release|x64.ActiveCfg = Release|x64
		{BA84DECD-EF62-33C8-ADEE-6C108296209C}.MinSizeRel|x64.ActiveCfg = MinSizeRel|x64
		{BA84DECD-EF62-33C8-ADEE-6C108296209C}.RelWithDebInfo|x64.ActiveCfg = RelWithDebInfo|x64
		{4B1FF514-1D32-399B-9A68-685805184431}.Debug|x64.ActiveCfg = Debug|x64
		{4B1FF514-1D32-399B-9A68-685805184431}.Debug|x64.Build.0 = Debug|x64
		{4B1FF514-1D32-399B-9A68-685805184431}.Release|x64.ActiveCfg = Release|x64
		{4B1FF514-1D32-399B-9A68-685805184431}.Release|x64.Build.0 = Release|x64
		{4B1FF514-1D32-399B-9A68-685805184431}.MinSizeRel|x64.ActiveCfg = MinSizeRel|x64
		{4B1FF514-1D32-399B-9A68-685805184431}.MinSizeRel|x64.Build.0 = MinSizeRel|x64
		{4B1FF514-1D32-399B-9A68-685805184431}.RelWithDebInfo|x64.ActiveCfg = RelWithDebInfo|x64
		{4B1FF514-1D32-399B-9A68-685805184431}.RelWithDebInfo|x64.Build.0 = RelWithDebInfo|x64
		{B56F3D97-1685-3DE5-97E2-CEE98260737F}.Debug|x64.ActiveCfg = Debug|x64
		{B56F3D97-1685-3DE5-97E2-CEE98260737F}.Debug|x64.Build.0 = Debug|x64
		{B56F3D97-1685-3DE5-97E2-CEE98260737F}.Release|x64.ActiveCfg = Release|x64
		{B56F3D97-1685-3DE5-97E2-CEE98260737F}.Release|x64.Build.0 = Release|x64
		{B56F3D97-1685-3DE5-97E2-CEE98260737F}.MinSizeRel|x64.ActiveCfg = MinSizeRel|x64
		{B56F3D97-1685-3DE5-97E2-CEE98260737F}.MinSizeRel|x64.Build.0 = MinSizeRel|x64
		{B56F3D97-1685-3DE5-97E2-CEE98260737F}.RelWithDebInfo|x64.ActiveCfg = RelWithDebInfo|x64
		{B56F3D97-1685-3DE5-97E2-CEE98260737F}.RelWithDebInfo|x64.Build.0 = RelWithDebInfo|x64
		{8A853B8E-F963-373C-AF16-6139F10D360F}.Debug|x64.ActiveCfg = Debug|x64
		{8A853B8E-F963-373C-AF16-6139F10D360F}.Debug|x64.Build.0 = Debug|x64
		{8A853B8E-F963-373C-AF16-6139F10D360F}.Release|x64.ActiveCfg = Release|x64
		{8A853B8E-F963-373C-AF16-6139F10D360F}.Release|x64.Build.0 = Release|x64
		{8A853B8E-F963-373C-AF16-6139F10D360F}.MinSizeRel|x64.ActiveCfg = MinSizeRel|x64
		{8A853B8E-F963-373C-AF16-6139F10D360F}.MinSizeRel|x64.Build.0 = MinSizeRel|x64
		{8A853B8E-F963-373C-AF16-6139F10D360F}.RelWithDebInfo|x64.ActiveCfg = RelWithDebInfo|x64
		{8A853B8E-F963-373C-AF16-6139F10D360F}.RelWithDebInfo|x64.Build.0 = RelWithDebInfo|x64
		{7B244CAD-505A-3996-9DBF-5F9C95020D58}.Debug|x64.ActiveCfg = Debug|x64
		{7B244CAD-505A-3996-9DBF-5F9C95020D58}.Debug|x64.Build.0 = Debug|x64
		{7B244CAD-505A-3996-9DBF-5F9C95020D58}.Release|x64.ActiveCfg = Release|x64
		{7B244CAD-505A-3996-9DBF-5F9C95020D58}.Release|x64.Build.0 = Release|x64
		{7B244CAD-505A-3996-9DBF-5F9C95020D58}.MinSizeRel|x64.ActiveCfg = MinSizeRel|x64
		{7B244CAD-505A-3996-9DBF-5F9C95020D58}.MinSizeRel|x64.Build.0 = MinSizeRel|x64
		{7B244CAD-505A-3996-9DBF-5F9C95020D58}.RelWithDebInfo|x64.ActiveCfg = RelWithDebInfo|x64
		{7B244CAD-505A-3996-9DBF-5F9C95020D58}.RelWithDebInfo|x64.Build.0 = RelWithDebInfo|x64
		{8EC68604-9358-3385-A8B0-1645FDDA995E}.Debug|x64.ActiveCfg = Debug|x64
		{8EC68604-9358-3385-A8B0-1645FDDA995E}.Debug|x64.Build.0 = Debug|x64
		{8EC68604-9358-3385-A8B0-1645FDDA995E}.Release|x64.ActiveCfg = Release|x64
		{8EC68604-9358-3385-A8B0-1645FDDA995E}.Release|x64.Build.0 = Release|x64
		{8EC68604-9358-3385-A8B0-1645FDDA995E}.MinSizeRel|x64.ActiveCfg = MinSizeRel|x64
		{8EC68604-9358-3385-A8B0-1645FDDA995E}.MinSizeRel|x64.Build.0 = MinSizeRel|x64
		{8EC68604-9358-3385-A8B0-1645FDDA995E}.RelWithDebInfo|x64.ActiveCfg = RelWithDebInfo|x64
		{8EC68604-9358-3385-A8B0-1645FDDA995E}.RelWithDebInfo|x64.Build.0 = RelWithDebInfo|x64
		{466A06AC-CA29-3279-ABCB-C4167EDB2506}.Debug|x64.ActiveCfg = Debug|x64
		{466A06AC-CA29-3279-ABCB-C4167EDB2506}.Debug|x64.Build.0 = Debug|x64
		{466A06AC-CA29-3279-ABCB-C4167EDB2506}.Release|x64.ActiveCfg = Release|x64
		{466A06AC-CA29-3279-ABCB-C4167EDB2506}.Release|x64.Build.0 = Release|x64
		{466A06AC-CA29-3279-ABCB-C4167EDB2506}.MinSizeRel|x64.ActiveCfg = MinSizeRel|x64
		{466A06AC-CA29-3279-ABCB-C4167EDB2506}.MinSizeRel|x64.Build.0 = MinSizeRel|x64
		{466A06AC-CA29-3279-ABCB-C4167EDB2506}.RelWithDebInfo|x64.ActiveCfg = RelWithDebInfo|x64
		{466A06AC-CA29-3279-ABCB-C4167EDB2506}.RelWithDebInfo|x64.Build.0 = RelWithDebInfo|x64
		{15EF3758-2286-3A7F-B21F-FDF09741A32F}.Debug|x64.ActiveCfg = Debug|x64
		{15EF3758-2286-3A7F-B21F-FDF09741A32F}.Debug|x64.Build.0 = Debug|x64
		{15EF3758-2286-3A7F-B21F-FDF09741A32F}.Release|x64.ActiveCfg = Release|x64
		{15EF3758-2286-3A7F-B21F-FDF09741A32F}.Release|x64.Build.0 = Release|x64
		{15EF3758-2286-3A7F-B21F-FDF09741A32F}.MinSizeRel|x64.ActiveCfg = MinSizeRel|x64
		{15EF3758-2286-3A7F-B21F-FDF09741A32F}.MinSizeRel|x64.Build.0 = MinSizeRel|x64
		{15EF3758-2286-3A7F-B21F-FDF09741A32F}.RelWithDebInfo|x64.ActiveCfg = RelWithDebInfo|x64
		{15EF3758-2286-3A7F-B21F-FDF09741A32F}.RelWithDebInfo|x64.Build.0 = RelWithDebInfo|x64
		{9E69548C-6437-3CB3-BE1F-2F86B5934F12}.Debug|x64.ActiveCfg = Debug|x64
		{9E69548C-6437-3CB3-BE1F-2F86B5934F12}.Debug|x64.Build.0 = Debug|x64
		{9E69548C-6437-3CB3-BE1F-2F86B5934F12}.Release|x64.ActiveCfg = Release|x64
		{9E69548C-6437-3CB3-BE1F-2F86B5934F12}.Release|x64.Build.0 = Release|x64
		{9E69548C-6437-3CB3-BE1F-2F86B5934F12}.MinSizeRel|x64.ActiveCfg = MinSizeRel|x64
		{9E69548C-6437-3CB3-BE1F-2F86B5934F12}.MinSizeRel|x64.Build.0 = MinSizeRel|x64
		{9E69548C-6437-3CB3-BE1F-2F86B5934F12}.RelWithDebInfo|x64.ActiveCfg = RelWithDebInfo|x64
		{9E69548C-6437-3CB3-BE1F-2F86B5934F12}.RelWithDebInfo|x64.Build.0 = RelWithDebInfo|x64
		{279B8110-B546-3013-AF0B-5839F4791FFB}.Debug|x64.ActiveCfg = Debug|x64
		{279B8110-B546-3013-AF0B-5839F4791FFB}.Debug|x64.Build.0 = Debug|x64
		{279B8110-B546-3013-AF0B-5839F4791FFB}.Release|x64.ActiveCfg = Release|x64
		{279B8110-B546-3013-AF0B-5839F4791FFB}.Release|x64.Build.0 = Release|x64
		{279B8110-B546-3013-AF0B-5839F4791FFB}.MinSizeRel|x64.ActiveCfg = MinSizeRel|x64
		{279B8110-B546-3013-AF0B-5839F4791FFB}.MinSizeRel|x64.Build.0 = MinSizeRel|x64
		{279B8110-B546-3013-AF0B-5839F4791FFB}.RelWithDebInfo|x64.ActiveCfg = RelWithDebInfo|x64
		{279B8110-B546-3013-AF0B-5839F4791FFB}.RelWithDebInfo|x64.Build.0 = RelWithDebInfo|x64
		{3FCFAB36-0B9D-3EE3-A32C-8C4CB814124E}.Debug|x64.ActiveCfg = Debug|x64
		{3FCFAB36-0B9D-3EE3-A32C-8C4CB814124E}.Debug|x64.Build.0 = Debug|x64
		{3FCFAB36-0B9D-3EE3-A32C-8C4CB814124E}.Release|x64.ActiveCfg = Release|x64
		{3FCFAB36-0B9D-3EE3-A32C-8C4CB814124E}.Release|x64.Build.0 = Release|x64
		{3FCFAB36-0B9D-3EE3-A32C-8C4CB814124E}.MinSizeRel|x64.ActiveCfg = MinSizeRel|x64
		{3FCFAB36-0B9D-3EE3-A32C-8C4CB814124E}.MinSizeRel|x64.Build.0 = MinSizeRel|x64
		{3FCFAB36-0B9D-3EE3-A32C-8C4CB814124E}.RelWithDebInfo|x64.ActiveCfg = RelWithDebInfo|x64
		{3FCFAB36-0B9D-3EE3-A32C-8C4CB814124E}.RelWithDebInfo|x64.Build.0 = RelWithDebInfo|x64
		{3022F4F0-07BE-3AAB-863B-9384B201CE25}.Debug|x64.ActiveCfg = Debug|x64
		{3022F4F0-07BE-3AAB-863B-9384B201CE25}.Debug|x64.Build.0 = Debug|x64
		{3022F4F0-07BE-3AAB-863B-9384B201CE25}.Release|x64.ActiveCfg = Release|x64
		{3022F4F0-07BE-3AAB-863B-9384B201CE25}.Release|x64.Build.0 = Release|x64
		{3022F4F0-07BE-3AAB-863B-9384B201CE25}.MinSizeRel|x64.ActiveCfg = MinSizeRel|x64
		{3022F4F0-07BE-3AAB-863B-9384B201CE25}.MinSizeRel|x64.Build.0 = MinSizeRel|x64
		{3022F4F0-07BE-3AAB-863B-9384B201CE25}.RelWithDebInfo|x64.ActiveCfg = RelWithDebInfo|x64
		{3022F4F0-07BE-3AAB-863B-9384B201CE25}.RelWithDebInfo|x64.Build.0 = RelWithDebInfo|x64
		{F53F1904-5CF7-35EB-B0BC-92308E0C4760}.Debug|x64.ActiveCfg = Debug|x64
		{F53F1904-5CF7-35EB-B0BC-92308E0C4760}.Debug|x64.Build.0 = Debug|x64
		{F53F1904-5CF7-35EB-B0BC-92308E0C4760}.Release|x64.ActiveCfg = Release|x64
		{F53F1904-5CF7-35EB-B0BC-92308E0C4760}.Release|x64.Build.0 = Release|x64
		{F53F1904-5CF7-35EB-B0BC-92308E0C4760}.MinSizeRel|x64.ActiveCfg = MinSizeRel|x64
		{F53F1904-5CF7-35EB-B0BC-92308E0C4760}.MinSizeRel|x64.Build.0 = MinSizeRel|x64
		{F53F1904-5CF7-35EB-B0BC-92308E0C4760}.RelWithDebInfo|x64.ActiveCfg = RelWithDebInfo|x64
		{F53F1904-5CF7-35EB-B0BC-92308E0C4760}.RelWithDebInfo|x64.Build.0 = RelWithDebInfo|x64
		{BC31C62B-C37E-3D18-BB80-305C030DDCDE}.Debug|x64.ActiveCfg = Debug|x64
		{BC31C62B-C37E-3D18-BB80-305C030DDCDE}.Debug|x64.Build.0 = Debug|x64
		{BC31C62B-C37E-3D18-BB80-305C030DDCDE}.Release|x64.ActiveCfg = Release|x64
		{BC31C62B-C37E-3D18-BB80-305C030DDCDE}.Release|x64.Build.0 = Release|x64
		{BC31C62B-C37E-3D18-BB80-305C030DDCDE}.MinSizeRel|x64.ActiveCfg = MinSizeRel|x64
		{BC31C62B-C37E-3D18-BB80-305C030DDCDE}.MinSizeRel|x64.Build.0 = MinSizeRel|x64
		{BC31C62B-C37E-3D18-BB80-305C030DDCDE}.RelWithDebInfo|x64.ActiveCfg = RelWithDebInfo|x64
		{BC31C62B-C37E-3D18-BB80-305C030DDCDE}.RelWithDebInfo|x64.Build.0 = RelWithDebInfo|x64
		{1729E036-EDB0-3414-A2AA-A7898E437D4F}.Debug|x64.ActiveCfg = Debug|x64
		{1729E036-EDB0-3414-A2AA-A7898E437D4F}.Debug|x64.Build.0 = Debug|x64
		{1729E036-EDB0-3414-A2AA-A7898E437D4F}.Release|x64.ActiveCfg = Release|x64
		{1729E036-EDB0-3414-A2AA-A7898E437D4F}.Release|x64.Build.0 = Release|x64
		{1729E036-EDB0-3414-A2AA-A7898E437D4F}.MinSizeRel|x64.ActiveCfg = MinSizeRel|x64
		{1729E036-EDB0-3414-A2AA-A7898E437D4F}.MinSizeRel|x64.Build.0 = MinSizeRel|x64
		{1729E036-EDB0-3414-A2AA-A7898E437D4F}.RelWithDebInfo|x64.ActiveCfg = RelWithDebInfo|x64
		{1729E036-EDB0-3414-A2AA-A7898E437D4F}.RelWithDebInfo|x64.Build.0 = RelWithDebInfo|x64
		{4D5527E5-C678-345A-92C0-8DEB14E4DB5C}.Debug|x64.ActiveCfg = Debug|x64
		{4D5527E5-C678-345A-92C0-8DEB14E4DB5C}.Debug|x64.Build.0 = Debug|x64
		{4D5527E5-C678-345A-92C0-8DEB14E4DB5C}.Release|x64.ActiveCfg = Release|x64
		{4D5527E5-C678-345A-92C0-8DEB14E4DB5C}.Release|x64.Build.0 = Release|x64
		{4D5527E5-C678-345A-92C0-8DEB14E4DB5C}.MinSizeRel|x64.ActiveCfg = MinSizeRel|x64
		{4D5527E5-C678-345A-92C0-8DEB14E4DB5C}.MinSizeRel|x64.Build.0 = MinSizeRel|x64
		{4D5527E5-C678-345A-92C0-8DEB14E4DB5C}.RelWithDebInfo|x64.ActiveCfg = RelWithDebInfo|x64
		{4D5527E5-C678-345A-92C0-8DEB14E4DB5C}.RelWithDebInfo|x64.Build.0 = RelWithDebInfo|x64
		{F60B9D15-C013-3F5E-AD99-2941C944D06D}.Debug|x64.ActiveCfg = Debug|x64
		{F60B9D15-C013-3F5E-AD99-2941C944D06D}.Release|x64.ActiveCfg = Release|x64
		{F60B9D15-C013-3F5E-AD99-2941C944D06D}.MinSizeRel|x64.ActiveCfg = MinSizeRel|x64
		{F60B9D15-C013-3F5E-AD99-2941C944D06D}.RelWithDebInfo|x64.ActiveCfg = RelWithDebInfo|x64
		{0608C0E3-DA09-3FE6-B670-14FEA3053F71}.Debug|x64.ActiveCfg = Debug|x64
		{0608C0E3-DA09-3FE6-B670-14FEA3053F71}.Release|x64.ActiveCfg = Release|x64
		{0608C0E3-DA09-3FE6-B670-14FEA3053F71}.MinSizeRel|x64.ActiveCfg = MinSizeRel|x64
		{0608C0E3-DA09-3FE6-B670-14FEA3053F71}.RelWithDebInfo|x64.ActiveCfg = RelWithDebInfo|x64
	EndGlobalSection
	GlobalSection(NestedProjects) = preSolution
		{745E8706-2353-3518-A5D0-96AC19CEB5D9} = {A03124D6-6A7B-3BA1-8B08-7F75AB0AD978}
		{812DC902-B7AB-3D4C-AFF2-6DAEDDECA011} = {A03124D6-6A7B-3BA1-8B08-7F75AB0AD978}
		{BA84DECD-EF62-33C8-ADEE-6C108296209C} = {A03124D6-6A7B-3BA1-8B08-7F75AB0AD978}
		{4B1FF514-1D32-399B-9A68-685805184431} = {A03124D6-6A7B-3BA1-8B08-7F75AB0AD978}
		{B56F3D97-1685-3DE5-97E2-CEE98260737F} = {311EF59F-504F-34E6-9E12-AE74D5B65AA5}
		{0608C0E3-DA09-3FE6-B670-14FEA3053F71} = {311EF59F-504F-34E6-9E12-AE74D5B65AA5}
	EndGlobalSection
	GlobalSection(ExtensibilityGlobals) = postSolution
		SolutionGuid = {480CBC13-1D0F-39C9-9016-6336685AE11A}
	EndGlobalSection
	GlobalSection(ExtensibilityAddIns) = postSolution
	EndGlobalSection
EndGlobal
