
Microsoft Visual Studio Solution File, Format Version 12.00
# Visual Studio Version 17
Project("{8BC9CEB8-8B4A-11D0-8D11-00A0C91BC942}") = "ALL_BUILD", "ALL_BUILD.vcxproj", "{E8C99E70-D68D-3598-A879-164DC9CEA8BE}"
	ProjectSection(ProjectDependencies) = postProject
		{E0813098-1388-3930-BE55-D405713A8749} = {E0813098-1388-3930-BE55-D405713A8749}
		{7620CB80-B2E8-3627-B856-316F7EC980C6} = {7620CB80-B2E8-3627-B856-316F7EC980C6}
		{05226FF0-C5C0-3AE3-8D13-EF2C6EF0A7F7} = {05226FF0-C5C0-3AE3-8D13-EF2C6EF0A7F7}
		{518D25B4-5AEF-3140-B2ED-3835EBA25C66} = {518D25B4-5AEF-3140-B2ED-3835EBA25C66}
		{818D13FE-6C6A-3F70-ADE9-030FFD65959B} = {818D13FE-6C6A-3F70-ADE9-030FFD65959B}
		{1BFC0AD0-D71B-3907-97FC-DDA2C16F8943} = {1BFC0AD0-D71B-3907-97FC-DDA2C16F8943}
		{45923DD3-B729-34BF-8861-60FCC7307ABA} = {45923DD3-B729-34BF-8861-60FCC7307ABA}
		{62652410-0DC9-31BF-AE57-9319742BF653} = {62652410-0DC9-31BF-AE57-9319742BF653}
		{F6340C2D-9861-315A-AE7C-BBADC8635016} = {F6340C2D-9861-315A-AE7C-BBADC8635016}
		{25F1AEAB-5344-3637-834F-212CDD8B76A0} = {25F1AEAB-5344-3637-834F-212CDD8B76A0}
		{6835DE3F-8F53-3E6B-9EFE-8521E3EFAE25} = {6835DE3F-8F53-3E6B-9EFE-8521E3EFAE25}
	EndProjectSection
EndProject
Project("{8BC9CEB8-8B4A-11D0-8D11-00A0C91BC942}") = "INSTALL", "INSTALL.vcxproj", "{FC3F4691-A866-3459-8F46-C48E1CE45DF9}"
	ProjectSection(ProjectDependencies) = postProject
		{E8C99E70-D68D-3598-A879-164DC9CEA8BE} = {E8C99E70-D68D-3598-A879-164DC9CEA8BE}
		{E0813098-1388-3930-BE55-D405713A8749} = {E0813098-1388-3930-BE55-D405713A8749}
	EndProjectSection
EndProject
Project("{8BC9CEB8-8B4A-11D0-8D11-00A0C91BC942}") = "ZERO_CHECK", "ZERO_CHECK.vcxproj", "{E0813098-1388-3930-BE55-D405713A8749}"
	ProjectSection(ProjectDependencies) = postProject
	EndProjectSection
EndProject
Project("{8BC9CEB8-8B4A-11D0-8D11-00A0C91BC942}") = "kargo", "kargo.vcxproj", "{7620CB80-B2E8-3627-B856-316F7EC980C6}"
	ProjectSection(ProjectDependencies) = postProject
		{E0813098-1388-3930-BE55-D405713A8749} = {E0813098-1388-3930-BE55-D405713A8749}
		{45923DD3-B729-34BF-8861-60FCC7307ABA} = {45923DD3-B729-34BF-8861-60FCC7307ABA}
	EndProjectSection
EndProject
Project("{8BC9CEB8-8B4A-11D0-8D11-00A0C91BC942}") = "kern", "kern.vcxproj", "{05226FF0-C5C0-3AE3-8D13-EF2C6EF0A7F7}"
	ProjectSection(ProjectDependencies) = postProject
		{E0813098-1388-3930-BE55-D405713A8749} = {E0813098-1388-3930-BE55-D405713A8749}
		{1BFC0AD0-D71B-3907-97FC-DDA2C16F8943} = {1BFC0AD0-D71B-3907-97FC-DDA2C16F8943}
		{45923DD3-B729-34BF-8861-60FCC7307ABA} = {45923DD3-B729-34BF-8861-60FCC7307ABA}
	EndProjectSection
EndProject
Project("{8BC9CEB8-8B4A-11D0-8D11-00A0C91BC942}") = "kern-scan", "kern-scan.vcxproj", "{518D25B4-5AEF-3140-B2ED-3835EBA25C66}"
	ProjectSection(ProjectDependencies) = postProject
		{E0813098-1388-3930-BE55-D405713A8749} = {E0813098-1388-3930-BE55-D405713A8749}
		{1BFC0AD0-D71B-3907-97FC-DDA2C16F8943} = {1BFC0AD0-D71B-3907-97FC-DDA2C16F8943}
		{45923DD3-B729-34BF-8861-60FCC7307ABA} = {45923DD3-B729-34BF-8861-60FCC7307ABA}
	EndProjectSection
EndProject
Project("{8BC9CEB8-8B4A-11D0-8D11-00A0C91BC942}") = "kern_contract_humanize", "kern_contract_humanize.vcxproj", "{818D13FE-6C6A-3F70-ADE9-030FFD65959B}"
	ProjectSection(ProjectDependencies) = postProject
		{E0813098-1388-3930-BE55-D405713A8749} = {E0813098-1388-3930-BE55-D405713A8749}
	EndProjectSection
EndProject
Project("{8BC9CEB8-8B4A-11D0-8D11-00A0C91BC942}") = "kern_core", "kern_core.vcxproj", "{1BFC0AD0-D71B-3907-97FC-DDA2C16F8943}"
	ProjectSection(ProjectDependencies) = postProject
		{E0813098-1388-3930-BE55-D405713A8749} = {E0813098-1388-3930-BE55-D405713A8749}
		{45923DD3-B729-34BF-8861-60FCC7307ABA} = {45923DD3-B729-34BF-8861-60FCC7307ABA}
	EndProjectSection
EndProject
Project("{8BC9CEB8-8B4A-11D0-8D11-00A0C91BC942}") = "kern_env_lib", "kern_env_lib.vcxproj", "{45923DD3-B729-34BF-8861-60FCC7307ABA}"
	ProjectSection(ProjectDependencies) = postProject
		{E0813098-1388-3930-BE55-D405713A8749} = {E0813098-1388-3930-BE55-D405713A8749}
	EndProjectSection
EndProject
Project("{8BC9CEB8-8B4A-11D0-8D11-00A0C91BC942}") = "kern_launcher", "kern_launcher.vcxproj", "{62652410-0DC9-31BF-AE57-9319742BF653}"
	ProjectSection(ProjectDependencies) = postProject
		{E0813098-1388-3930-BE55-D405713A8749} = {E0813098-1388-3930-BE55-D405713A8749}
	EndProjectSection
EndProject
Project("{8BC9CEB8-8B4A-11D0-8D11-00A0C91BC942}") = "kern_lsp", "kern_lsp.vcxproj", "{F6340C2D-9861-315A-AE7C-BBADC8635016}"
	ProjectSection(ProjectDependencies) = postProject
		{E0813098-1388-3930-BE55-D405713A8749} = {E0813098-1388-3930-BE55-D405713A8749}
		{1BFC0AD0-D71B-3907-97FC-DDA2C16F8943} = {1BFC0AD0-D71B-3907-97FC-DDA2C16F8943}
		{45923DD3-B729-34BF-8861-60FCC7307ABA} = {45923DD3-B729-34BF-8861-60FCC7307ABA}
	EndProjectSection
EndProject
Project("{8BC9CEB8-8B4A-11D0-8D11-00A0C91BC942}") = "kern_repl", "kern_repl.vcxproj", "{25F1AEAB-5344-3637-834F-212CDD8B76A0}"
	ProjectSection(ProjectDependencies) = postProject
		{E0813098-1388-3930-BE55-D405713A8749} = {E0813098-1388-3930-BE55-D405713A8749}
		{1BFC0AD0-D71B-3907-97FC-DDA2C16F8943} = {1BFC0AD0-D71B-3907-97FC-DDA2C16F8943}
		{45923DD3-B729-34BF-8861-60FCC7307ABA} = {45923DD3-B729-34BF-8861-60FCC7307ABA}
	EndProjectSection
EndProject
Project("{8BC9CEB8-8B4A-11D0-8D11-00A0C91BC942}") = "kernc", "kernc.vcxproj", "{6835DE3F-8F53-3E6B-9EFE-8521E3EFAE25}"
	ProjectSection(ProjectDependencies) = postProject
		{E0813098-1388-3930-BE55-D405713A8749} = {E0813098-1388-3930-BE55-D405713A8749}
		{1BFC0AD0-D71B-3907-97FC-DDA2C16F8943} = {1BFC0AD0-D71B-3907-97FC-DDA2C16F8943}
		{45923DD3-B729-34BF-8861-60FCC7307ABA} = {45923DD3-B729-34BF-8861-60FCC7307ABA}
	EndProjectSection
EndProject
Global
	GlobalSection(SolutionConfigurationPlatforms) = preSolution
		Debug|x64 = Debug|x64
		Release|x64 = Release|x64
		MinSizeRel|x64 = MinSizeRel|x64
		RelWithDebInfo|x64 = RelWithDebInfo|x64
	EndGlobalSection
	GlobalSection(ProjectConfigurationPlatforms) = postSolution
		{E8C99E70-D68D-3598-A879-164DC9CEA8BE}.Debug|x64.ActiveCfg = Debug|x64
		{E8C99E70-D68D-3598-A879-164DC9CEA8BE}.Debug|x64.Build.0 = Debug|x64
		{E8C99E70-D68D-3598-A879-164DC9CEA8BE}.Release|x64.ActiveCfg = Release|x64
		{E8C99E70-D68D-3598-A879-164DC9CEA8BE}.Release|x64.Build.0 = Release|x64
		{E8C99E70-D68D-3598-A879-164DC9CEA8BE}.MinSizeRel|x64.ActiveCfg = MinSizeRel|x64
		{E8C99E70-D68D-3598-A879-164DC9CEA8BE}.MinSizeRel|x64.Build.0 = MinSizeRel|x64
		{E8C99E70-D68D-3598-A879-164DC9CEA8BE}.RelWithDebInfo|x64.ActiveCfg = RelWithDebInfo|x64
		{E8C99E70-D68D-3598-A879-164DC9CEA8BE}.RelWithDebInfo|x64.Build.0 = RelWithDebInfo|x64
		{FC3F4691-A866-3459-8F46-C48E1CE45DF9}.Debug|x64.ActiveCfg = Debug|x64
		{FC3F4691-A866-3459-8F46-C48E1CE45DF9}.Release|x64.ActiveCfg = Release|x64
		{FC3F4691-A866-3459-8F46-C48E1CE45DF9}.MinSizeRel|x64.ActiveCfg = MinSizeRel|x64
		{FC3F4691-A866-3459-8F46-C48E1CE45DF9}.RelWithDebInfo|x64.ActiveCfg = RelWithDebInfo|x64
		{E0813098-1388-3930-BE55-D405713A8749}.Debug|x64.ActiveCfg = Debug|x64
		{E0813098-1388-3930-BE55-D405713A8749}.Debug|x64.Build.0 = Debug|x64
		{E0813098-1388-3930-BE55-D405713A8749}.Release|x64.ActiveCfg = Release|x64
		{E0813098-1388-3930-BE55-D405713A8749}.Release|x64.Build.0 = Release|x64
		{E0813098-1388-3930-BE55-D405713A8749}.MinSizeRel|x64.ActiveCfg = MinSizeRel|x64
		{E0813098-1388-3930-BE55-D405713A8749}.MinSizeRel|x64.Build.0 = MinSizeRel|x64
		{E0813098-1388-3930-BE55-D405713A8749}.RelWithDebInfo|x64.ActiveCfg = RelWithDebInfo|x64
		{E0813098-1388-3930-BE55-D405713A8749}.RelWithDebInfo|x64.Build.0 = RelWithDebInfo|x64
		{7620CB80-B2E8-3627-B856-316F7EC980C6}.Debug|x64.ActiveCfg = Debug|x64
		{7620CB80-B2E8-3627-B856-316F7EC980C6}.Debug|x64.Build.0 = Debug|x64
		{7620CB80-B2E8-3627-B856-316F7EC980C6}.Release|x64.ActiveCfg = Release|x64
		{7620CB80-B2E8-3627-B856-316F7EC980C6}.Release|x64.Build.0 = Release|x64
		{7620CB80-B2E8-3627-B856-316F7EC980C6}.MinSizeRel|x64.ActiveCfg = MinSizeRel|x64
		{7620CB80-B2E8-3627-B856-316F7EC980C6}.MinSizeRel|x64.Build.0 = MinSizeRel|x64
		{7620CB80-B2E8-3627-B856-316F7EC980C6}.RelWithDebInfo|x64.ActiveCfg = RelWithDebInfo|x64
		{7620CB80-B2E8-3627-B856-316F7EC980C6}.RelWithDebInfo|x64.Build.0 = RelWithDebInfo|x64
		{05226FF0-C5C0-3AE3-8D13-EF2C6EF0A7F7}.Debug|x64.ActiveCfg = Debug|x64
		{05226FF0-C5C0-3AE3-8D13-EF2C6EF0A7F7}.Debug|x64.Build.0 = Debug|x64
		{05226FF0-C5C0-3AE3-8D13-EF2C6EF0A7F7}.Release|x64.ActiveCfg = Release|x64
		{05226FF0-C5C0-3AE3-8D13-EF2C6EF0A7F7}.Release|x64.Build.0 = Release|x64
		{05226FF0-C5C0-3AE3-8D13-EF2C6EF0A7F7}.MinSizeRel|x64.ActiveCfg = MinSizeRel|x64
		{05226FF0-C5C0-3AE3-8D13-EF2C6EF0A7F7}.MinSizeRel|x64.Build.0 = MinSizeRel|x64
		{05226FF0-C5C0-3AE3-8D13-EF2C6EF0A7F7}.RelWithDebInfo|x64.ActiveCfg = RelWithDebInfo|x64
		{05226FF0-C5C0-3AE3-8D13-EF2C6EF0A7F7}.RelWithDebInfo|x64.Build.0 = RelWithDebInfo|x64
		{518D25B4-5AEF-3140-B2ED-3835EBA25C66}.Debug|x64.ActiveCfg = Debug|x64
		{518D25B4-5AEF-3140-B2ED-3835EBA25C66}.Debug|x64.Build.0 = Debug|x64
		{518D25B4-5AEF-3140-B2ED-3835EBA25C66}.Release|x64.ActiveCfg = Release|x64
		{518D25B4-5AEF-3140-B2ED-3835EBA25C66}.Release|x64.Build.0 = Release|x64
		{518D25B4-5AEF-3140-B2ED-3835EBA25C66}.MinSizeRel|x64.ActiveCfg = MinSizeRel|x64
		{518D25B4-5AEF-3140-B2ED-3835EBA25C66}.MinSizeRel|x64.Build.0 = MinSizeRel|x64
		{518D25B4-5AEF-3140-B2ED-3835EBA25C66}.RelWithDebInfo|x64.ActiveCfg = RelWithDebInfo|x64
		{518D25B4-5AEF-3140-B2ED-3835EBA25C66}.RelWithDebInfo|x64.Build.0 = RelWithDebInfo|x64
		{818D13FE-6C6A-3F70-ADE9-030FFD65959B}.Debug|x64.ActiveCfg = Debug|x64
		{818D13FE-6C6A-3F70-ADE9-030FFD65959B}.Debug|x64.Build.0 = Debug|x64
		{818D13FE-6C6A-3F70-ADE9-030FFD65959B}.Release|x64.ActiveCfg = Release|x64
		{818D13FE-6C6A-3F70-ADE9-030FFD65959B}.Release|x64.Build.0 = Release|x64
		{818D13FE-6C6A-3F70-ADE9-030FFD65959B}.MinSizeRel|x64.ActiveCfg = MinSizeRel|x64
		{818D13FE-6C6A-3F70-ADE9-030FFD65959B}.MinSizeRel|x64.Build.0 = MinSizeRel|x64
		{818D13FE-6C6A-3F70-ADE9-030FFD65959B}.RelWithDebInfo|x64.ActiveCfg = RelWithDebInfo|x64
		{818D13FE-6C6A-3F70-ADE9-030FFD65959B}.RelWithDebInfo|x64.Build.0 = RelWithDebInfo|x64
		{1BFC0AD0-D71B-3907-97FC-DDA2C16F8943}.Debug|x64.ActiveCfg = Debug|x64
		{1BFC0AD0-D71B-3907-97FC-DDA2C16F8943}.Debug|x64.Build.0 = Debug|x64
		{1BFC0AD0-D71B-3907-97FC-DDA2C16F8943}.Release|x64.ActiveCfg = Release|x64
		{1BFC0AD0-D71B-3907-97FC-DDA2C16F8943}.Release|x64.Build.0 = Release|x64
		{1BFC0AD0-D71B-3907-97FC-DDA2C16F8943}.MinSizeRel|x64.ActiveCfg = MinSizeRel|x64
		{1BFC0AD0-D71B-3907-97FC-DDA2C16F8943}.MinSizeRel|x64.Build.0 = MinSizeRel|x64
		{1BFC0AD0-D71B-3907-97FC-DDA2C16F8943}.RelWithDebInfo|x64.ActiveCfg = RelWithDebInfo|x64
		{1BFC0AD0-D71B-3907-97FC-DDA2C16F8943}.RelWithDebInfo|x64.Build.0 = RelWithDebInfo|x64
		{45923DD3-B729-34BF-8861-60FCC7307ABA}.Debug|x64.ActiveCfg = Debug|x64
		{45923DD3-B729-34BF-8861-60FCC7307ABA}.Debug|x64.Build.0 = Debug|x64
		{45923DD3-B729-34BF-8861-60FCC7307ABA}.Release|x64.ActiveCfg = Release|x64
		{45923DD3-B729-34BF-8861-60FCC7307ABA}.Release|x64.Build.0 = Release|x64
		{45923DD3-B729-34BF-8861-60FCC7307ABA}.MinSizeRel|x64.ActiveCfg = MinSizeRel|x64
		{45923DD3-B729-34BF-8861-60FCC7307ABA}.MinSizeRel|x64.Build.0 = MinSizeRel|x64
		{45923DD3-B729-34BF-8861-60FCC7307ABA}.RelWithDebInfo|x64.ActiveCfg = RelWithDebInfo|x64
		{45923DD3-B729-34BF-8861-60FCC7307ABA}.RelWithDebInfo|x64.Build.0 = RelWithDebInfo|x64
		{62652410-0DC9-31BF-AE57-9319742BF653}.Debug|x64.ActiveCfg = Debug|x64
		{62652410-0DC9-31BF-AE57-9319742BF653}.Debug|x64.Build.0 = Debug|x64
		{62652410-0DC9-31BF-AE57-9319742BF653}.Release|x64.ActiveCfg = Release|x64
		{62652410-0DC9-31BF-AE57-9319742BF653}.Release|x64.Build.0 = Release|x64
		{62652410-0DC9-31BF-AE57-9319742BF653}.MinSizeRel|x64.ActiveCfg = MinSizeRel|x64
		{62652410-0DC9-31BF-AE57-9319742BF653}.MinSizeRel|x64.Build.0 = MinSizeRel|x64
		{62652410-0DC9-31BF-AE57-9319742BF653}.RelWithDebInfo|x64.ActiveCfg = RelWithDebInfo|x64
		{62652410-0DC9-31BF-AE57-9319742BF653}.RelWithDebInfo|x64.Build.0 = RelWithDebInfo|x64
		{F6340C2D-9861-315A-AE7C-BBADC8635016}.Debug|x64.ActiveCfg = Debug|x64
		{F6340C2D-9861-315A-AE7C-BBADC8635016}.Debug|x64.Build.0 = Debug|x64
		{F6340C2D-9861-315A-AE7C-BBADC8635016}.Release|x64.ActiveCfg = Release|x64
		{F6340C2D-9861-315A-AE7C-BBADC8635016}.Release|x64.Build.0 = Release|x64
		{F6340C2D-9861-315A-AE7C-BBADC8635016}.MinSizeRel|x64.ActiveCfg = MinSizeRel|x64
		{F6340C2D-9861-315A-AE7C-BBADC8635016}.MinSizeRel|x64.Build.0 = MinSizeRel|x64
		{F6340C2D-9861-315A-AE7C-BBADC8635016}.RelWithDebInfo|x64.ActiveCfg = RelWithDebInfo|x64
		{F6340C2D-9861-315A-AE7C-BBADC8635016}.RelWithDebInfo|x64.Build.0 = RelWithDebInfo|x64
		{25F1AEAB-5344-3637-834F-212CDD8B76A0}.Debug|x64.ActiveCfg = Debug|x64
		{25F1AEAB-5344-3637-834F-212CDD8B76A0}.Debug|x64.Build.0 = Debug|x64
		{25F1AEAB-5344-3637-834F-212CDD8B76A0}.Release|x64.ActiveCfg = Release|x64
		{25F1AEAB-5344-3637-834F-212CDD8B76A0}.Release|x64.Build.0 = Release|x64
		{25F1AEAB-5344-3637-834F-212CDD8B76A0}.MinSizeRel|x64.ActiveCfg = MinSizeRel|x64
		{25F1AEAB-5344-3637-834F-212CDD8B76A0}.MinSizeRel|x64.Build.0 = MinSizeRel|x64
		{25F1AEAB-5344-3637-834F-212CDD8B76A0}.RelWithDebInfo|x64.ActiveCfg = RelWithDebInfo|x64
		{25F1AEAB-5344-3637-834F-212CDD8B76A0}.RelWithDebInfo|x64.Build.0 = RelWithDebInfo|x64
		{6835DE3F-8F53-3E6B-9EFE-8521E3EFAE25}.Debug|x64.ActiveCfg = Debug|x64
		{6835DE3F-8F53-3E6B-9EFE-8521E3EFAE25}.Debug|x64.Build.0 = Debug|x64
		{6835DE3F-8F53-3E6B-9EFE-8521E3EFAE25}.Release|x64.ActiveCfg = Release|x64
		{6835DE3F-8F53-3E6B-9EFE-8521E3EFAE25}.Release|x64.Build.0 = Release|x64
		{6835DE3F-8F53-3E6B-9EFE-8521E3EFAE25}.MinSizeRel|x64.ActiveCfg = MinSizeRel|x64
		{6835DE3F-8F53-3E6B-9EFE-8521E3EFAE25}.MinSizeRel|x64.Build.0 = MinSizeRel|x64
		{6835DE3F-8F53-3E6B-9EFE-8521E3EFAE25}.RelWithDebInfo|x64.ActiveCfg = RelWithDebInfo|x64
		{6835DE3F-8F53-3E6B-9EFE-8521E3EFAE25}.RelWithDebInfo|x64.Build.0 = RelWithDebInfo|x64
	EndGlobalSection
	GlobalSection(ExtensibilityGlobals) = postSolution
		SolutionGuid = {060C12DD-7EB6-3B47-BFCD-C9FFCFF52B06}
	EndGlobalSection
	GlobalSection(ExtensibilityAddIns) = postSolution
	EndGlobalSection
EndGlobal
