
Microsoft Visual Studio Solution File, Format Version 12.00
# Visual Studio Version 17
Project("{2150E333-8FDC-42A3-9474-1A3956D46DE8}") = "CMakePredefinedTargets", "CMakePredefinedTargets", "{EB20BDCC-6BCB-39F8-8FAB-590CD5F01E11}"
EndProject
Project("{2150E333-8FDC-42A3-9474-1A3956D46DE8}") = "GLFW3", "GLFW3", "{59C97D14-6D91-3BF9-B1DE-C9667C55E0EE}"
EndProject
Project("{8BC9CEB8-8B4A-11D0-8D11-00A0C91BC942}") = "ALL_BUILD", "ALL_BUILD.vcxproj", "{76496882-A97B-3572-BFC3-FEB25BDD60FB}"
	ProjectSection(ProjectDependencies) = postProject
		{7D5132D6-C456-332C-ADE5-61387A097962} = {7D5132D6-C456-332C-ADE5-61387A097962}
		{6F4626C7-8346-3963-BD64-BFD0272D9BAD} = {6F4626C7-8346-3963-BD64-BFD0272D9BAD}
		{1F4DD971-E2F9-322F-9188-63A4728593F4} = {1F4DD971-E2F9-322F-9188-63A4728593F4}
		{C414F843-E39B-3D02-AB35-52852DF7BED5} = {C414F843-E39B-3D02-AB35-52852DF7BED5}
		{C51519D6-BB1D-3B2C-9264-74DC11874197} = {C51519D6-BB1D-3B2C-9264-74DC11874197}
		{258C5E97-46B7-3C40-AF6C-EFCEA9608C32} = {258C5E97-46B7-3C40-AF6C-EFCEA9608C32}
		{DB2B8580-4E3C-3E4B-BDA3-FF80DF181EB4} = {DB2B8580-4E3C-3E4B-BDA3-FF80DF181EB4}
		{9BE0DFB0-F877-3FD1-8AC6-2BACD642435D} = {9BE0DFB0-F877-3FD1-8AC6-2BACD642435D}
		{30619D13-8FBD-32C8-917B-A6AFB338FB26} = {30619D13-8FBD-32C8-917B-A6AFB338FB26}
		{D77769DA-6F43-3F91-9E92-CF33ADA1303E} = {D77769DA-6F43-3F91-9E92-CF33ADA1303E}
		{985E65BB-4A8C-3202-8145-46B1CBD71FD9} = {985E65BB-4A8C-3202-8145-46B1CBD71FD9}
		{DAC74CD9-BCE0-374D-95DE-DFED2F7F827B} = {DAC74CD9-BCE0-374D-95DE-DFED2F7F827B}
		{2C8C4AC9-50AA-387E-817F-A2E09F8C3227} = {2C8C4AC9-50AA-387E-817F-A2E09F8C3227}
		{6CCF32F2-247F-3508-9C42-1CDF18C5ED27} = {6CCF32F2-247F-3508-9C42-1CDF18C5ED27}
		{A2E2762C-4687-3033-A4BD-C33434D84DDA} = {A2E2762C-4687-3033-A4BD-C33434D84DDA}
		{3392841C-AE75-3312-8768-4EA121B9A7D8} = {3392841C-AE75-3312-8768-4EA121B9A7D8}
	EndProjectSection
EndProject
Project("{8BC9CEB8-8B4A-11D0-8D11-00A0C91BC942}") = "INSTALL", "INSTALL.vcxproj", "{F0A79094-938E-371B-83D4-D6C14B63E9A9}"
	ProjectSection(ProjectDependencies) = postProject
		{76496882-A97B-3572-BFC3-FEB25BDD60FB} = {76496882-A97B-3572-BFC3-FEB25BDD60FB}
		{7D5132D6-C456-332C-ADE5-61387A097962} = {7D5132D6-C456-332C-ADE5-61387A097962}
	EndProjectSection
EndProject
Project("{8BC9CEB8-8B4A-11D0-8D11-00A0C91BC942}") = "PACKAGE", "PACKAGE.vcxproj", "{763A6138-2375-3EB9-B37B-61CB0C246374}"
	ProjectSection(ProjectDependencies) = postProject
		{76496882-A97B-3572-BFC3-FEB25BDD60FB} = {76496882-A97B-3572-BFC3-FEB25BDD60FB}
		{7D5132D6-C456-332C-ADE5-61387A097962} = {7D5132D6-C456-332C-ADE5-61387A097962}
	EndProjectSection
EndProject
Project("{8BC9CEB8-8B4A-11D0-8D11-00A0C91BC942}") = "ZERO_CHECK", "ZERO_CHECK.vcxproj", "{7D5132D6-C456-332C-ADE5-61387A097962}"
	ProjectSection(ProjectDependencies) = postProject
	EndProjectSection
EndProject
Project("{8BC9CEB8-8B4A-11D0-8D11-00A0C91BC942}") = "doc_runtime_demo", "doc_runtime_demo.vcxproj", "{6F4626C7-8346-3963-BD64-BFD0272D9BAD}"
	ProjectSection(ProjectDependencies) = postProject
		{7D5132D6-C456-332C-ADE5-61387A097962} = {7D5132D6-C456-332C-ADE5-61387A097962}
	EndProjectSection
EndProject
Project("{8BC9CEB8-8B4A-11D0-8D11-00A0C91BC942}") = "glfw", "_deps\raylib_external-build\raylib\external\glfw\src\glfw.vcxproj", "{1F4DD971-E2F9-322F-9188-63A4728593F4}"
	ProjectSection(ProjectDependencies) = postProject
		{7D5132D6-C456-332C-ADE5-61387A097962} = {7D5132D6-C456-332C-ADE5-61387A097962}
	EndProjectSection
EndProject
Project("{8BC9CEB8-8B4A-11D0-8D11-00A0C91BC942}") = "kargo", "kargo.vcxproj", "{C414F843-E39B-3D02-AB35-52852DF7BED5}"
	ProjectSection(ProjectDependencies) = postProject
		{7D5132D6-C456-332C-ADE5-61387A097962} = {7D5132D6-C456-332C-ADE5-61387A097962}
		{30619D13-8FBD-32C8-917B-A6AFB338FB26} = {30619D13-8FBD-32C8-917B-A6AFB338FB26}
	EndProjectSection
EndProject
Project("{8BC9CEB8-8B4A-11D0-8D11-00A0C91BC942}") = "kern", "kern.vcxproj", "{C51519D6-BB1D-3B2C-9264-74DC11874197}"
	ProjectSection(ProjectDependencies) = postProject
		{7D5132D6-C456-332C-ADE5-61387A097962} = {7D5132D6-C456-332C-ADE5-61387A097962}
		{1F4DD971-E2F9-322F-9188-63A4728593F4} = {1F4DD971-E2F9-322F-9188-63A4728593F4}
		{9BE0DFB0-F877-3FD1-8AC6-2BACD642435D} = {9BE0DFB0-F877-3FD1-8AC6-2BACD642435D}
		{30619D13-8FBD-32C8-917B-A6AFB338FB26} = {30619D13-8FBD-32C8-917B-A6AFB338FB26}
		{985E65BB-4A8C-3202-8145-46B1CBD71FD9} = {985E65BB-4A8C-3202-8145-46B1CBD71FD9}
		{3392841C-AE75-3312-8768-4EA121B9A7D8} = {3392841C-AE75-3312-8768-4EA121B9A7D8}
	EndProjectSection
EndProject
Project("{8BC9CEB8-8B4A-11D0-8D11-00A0C91BC942}") = "kern-scan", "kern-scan.vcxproj", "{258C5E97-46B7-3C40-AF6C-EFCEA9608C32}"
	ProjectSection(ProjectDependencies) = postProject
		{7D5132D6-C456-332C-ADE5-61387A097962} = {7D5132D6-C456-332C-ADE5-61387A097962}
		{1F4DD971-E2F9-322F-9188-63A4728593F4} = {1F4DD971-E2F9-322F-9188-63A4728593F4}
		{9BE0DFB0-F877-3FD1-8AC6-2BACD642435D} = {9BE0DFB0-F877-3FD1-8AC6-2BACD642435D}
		{30619D13-8FBD-32C8-917B-A6AFB338FB26} = {30619D13-8FBD-32C8-917B-A6AFB338FB26}
		{985E65BB-4A8C-3202-8145-46B1CBD71FD9} = {985E65BB-4A8C-3202-8145-46B1CBD71FD9}
		{3392841C-AE75-3312-8768-4EA121B9A7D8} = {3392841C-AE75-3312-8768-4EA121B9A7D8}
	EndProjectSection
EndProject
Project("{8BC9CEB8-8B4A-11D0-8D11-00A0C91BC942}") = "kern_contract_humanize", "kern_contract_humanize.vcxproj", "{DB2B8580-4E3C-3E4B-BDA3-FF80DF181EB4}"
	ProjectSection(ProjectDependencies) = postProject
		{7D5132D6-C456-332C-ADE5-61387A097962} = {7D5132D6-C456-332C-ADE5-61387A097962}
	EndProjectSection
EndProject
Project("{8BC9CEB8-8B4A-11D0-8D11-00A0C91BC942}") = "kern_core", "kern_core.vcxproj", "{9BE0DFB0-F877-3FD1-8AC6-2BACD642435D}"
	ProjectSection(ProjectDependencies) = postProject
		{7D5132D6-C456-332C-ADE5-61387A097962} = {7D5132D6-C456-332C-ADE5-61387A097962}
		{30619D13-8FBD-32C8-917B-A6AFB338FB26} = {30619D13-8FBD-32C8-917B-A6AFB338FB26}
	EndProjectSection
EndProject
Project("{8BC9CEB8-8B4A-11D0-8D11-00A0C91BC942}") = "kern_env_lib", "kern_env_lib.vcxproj", "{30619D13-8FBD-32C8-917B-A6AFB338FB26}"
	ProjectSection(ProjectDependencies) = postProject
		{7D5132D6-C456-332C-ADE5-61387A097962} = {7D5132D6-C456-332C-ADE5-61387A097962}
	EndProjectSection
EndProject
Project("{8BC9CEB8-8B4A-11D0-8D11-00A0C91BC942}") = "kern_game", "kern_game.vcxproj", "{D77769DA-6F43-3F91-9E92-CF33ADA1303E}"
	ProjectSection(ProjectDependencies) = postProject
		{7D5132D6-C456-332C-ADE5-61387A097962} = {7D5132D6-C456-332C-ADE5-61387A097962}
		{1F4DD971-E2F9-322F-9188-63A4728593F4} = {1F4DD971-E2F9-322F-9188-63A4728593F4}
		{9BE0DFB0-F877-3FD1-8AC6-2BACD642435D} = {9BE0DFB0-F877-3FD1-8AC6-2BACD642435D}
		{30619D13-8FBD-32C8-917B-A6AFB338FB26} = {30619D13-8FBD-32C8-917B-A6AFB338FB26}
		{985E65BB-4A8C-3202-8145-46B1CBD71FD9} = {985E65BB-4A8C-3202-8145-46B1CBD71FD9}
		{3392841C-AE75-3312-8768-4EA121B9A7D8} = {3392841C-AE75-3312-8768-4EA121B9A7D8}
	EndProjectSection
EndProject
Project("{8BC9CEB8-8B4A-11D0-8D11-00A0C91BC942}") = "kern_gfx", "kern_gfx.vcxproj", "{985E65BB-4A8C-3202-8145-46B1CBD71FD9}"
	ProjectSection(ProjectDependencies) = postProject
		{7D5132D6-C456-332C-ADE5-61387A097962} = {7D5132D6-C456-332C-ADE5-61387A097962}
		{1F4DD971-E2F9-322F-9188-63A4728593F4} = {1F4DD971-E2F9-322F-9188-63A4728593F4}
		{9BE0DFB0-F877-3FD1-8AC6-2BACD642435D} = {9BE0DFB0-F877-3FD1-8AC6-2BACD642435D}
		{30619D13-8FBD-32C8-917B-A6AFB338FB26} = {30619D13-8FBD-32C8-917B-A6AFB338FB26}
		{3392841C-AE75-3312-8768-4EA121B9A7D8} = {3392841C-AE75-3312-8768-4EA121B9A7D8}
	EndProjectSection
EndProject
Project("{8BC9CEB8-8B4A-11D0-8D11-00A0C91BC942}") = "kern_launcher", "kern_launcher.vcxproj", "{DAC74CD9-BCE0-374D-95DE-DFED2F7F827B}"
	ProjectSection(ProjectDependencies) = postProject
		{7D5132D6-C456-332C-ADE5-61387A097962} = {7D5132D6-C456-332C-ADE5-61387A097962}
	EndProjectSection
EndProject
Project("{8BC9CEB8-8B4A-11D0-8D11-00A0C91BC942}") = "kern_lsp", "kern_lsp.vcxproj", "{2C8C4AC9-50AA-387E-817F-A2E09F8C3227}"
	ProjectSection(ProjectDependencies) = postProject
		{7D5132D6-C456-332C-ADE5-61387A097962} = {7D5132D6-C456-332C-ADE5-61387A097962}
		{1F4DD971-E2F9-322F-9188-63A4728593F4} = {1F4DD971-E2F9-322F-9188-63A4728593F4}
		{9BE0DFB0-F877-3FD1-8AC6-2BACD642435D} = {9BE0DFB0-F877-3FD1-8AC6-2BACD642435D}
		{30619D13-8FBD-32C8-917B-A6AFB338FB26} = {30619D13-8FBD-32C8-917B-A6AFB338FB26}
		{985E65BB-4A8C-3202-8145-46B1CBD71FD9} = {985E65BB-4A8C-3202-8145-46B1CBD71FD9}
		{3392841C-AE75-3312-8768-4EA121B9A7D8} = {3392841C-AE75-3312-8768-4EA121B9A7D8}
	EndProjectSection
EndProject
Project("{8BC9CEB8-8B4A-11D0-8D11-00A0C91BC942}") = "kern_repl", "kern_repl.vcxproj", "{6CCF32F2-247F-3508-9C42-1CDF18C5ED27}"
	ProjectSection(ProjectDependencies) = postProject
		{7D5132D6-C456-332C-ADE5-61387A097962} = {7D5132D6-C456-332C-ADE5-61387A097962}
		{1F4DD971-E2F9-322F-9188-63A4728593F4} = {1F4DD971-E2F9-322F-9188-63A4728593F4}
		{9BE0DFB0-F877-3FD1-8AC6-2BACD642435D} = {9BE0DFB0-F877-3FD1-8AC6-2BACD642435D}
		{30619D13-8FBD-32C8-917B-A6AFB338FB26} = {30619D13-8FBD-32C8-917B-A6AFB338FB26}
		{985E65BB-4A8C-3202-8145-46B1CBD71FD9} = {985E65BB-4A8C-3202-8145-46B1CBD71FD9}
		{3392841C-AE75-3312-8768-4EA121B9A7D8} = {3392841C-AE75-3312-8768-4EA121B9A7D8}
	EndProjectSection
EndProject
Project("{8BC9CEB8-8B4A-11D0-8D11-00A0C91BC942}") = "kernc", "kernc.vcxproj", "{A2E2762C-4687-3033-A4BD-C33434D84DDA}"
	ProjectSection(ProjectDependencies) = postProject
		{7D5132D6-C456-332C-ADE5-61387A097962} = {7D5132D6-C456-332C-ADE5-61387A097962}
		{1F4DD971-E2F9-322F-9188-63A4728593F4} = {1F4DD971-E2F9-322F-9188-63A4728593F4}
		{9BE0DFB0-F877-3FD1-8AC6-2BACD642435D} = {9BE0DFB0-F877-3FD1-8AC6-2BACD642435D}
		{30619D13-8FBD-32C8-917B-A6AFB338FB26} = {30619D13-8FBD-32C8-917B-A6AFB338FB26}
		{985E65BB-4A8C-3202-8145-46B1CBD71FD9} = {985E65BB-4A8C-3202-8145-46B1CBD71FD9}
		{3392841C-AE75-3312-8768-4EA121B9A7D8} = {3392841C-AE75-3312-8768-4EA121B9A7D8}
	EndProjectSection
EndProject
Project("{8BC9CEB8-8B4A-11D0-8D11-00A0C91BC942}") = "raylib", "_deps\raylib_external-build\raylib\raylib.vcxproj", "{3392841C-AE75-3312-8768-4EA121B9A7D8}"
	ProjectSection(ProjectDependencies) = postProject
		{7D5132D6-C456-332C-ADE5-61387A097962} = {7D5132D6-C456-332C-ADE5-61387A097962}
		{1F4DD971-E2F9-322F-9188-63A4728593F4} = {1F4DD971-E2F9-322F-9188-63A4728593F4}
	EndProjectSection
EndProject
Project("{8BC9CEB8-8B4A-11D0-8D11-00A0C91BC942}") = "uninstall", "_deps\raylib_external-build\uninstall.vcxproj", "{6BCF9FA8-7B5B-3B6D-816C-6DEDCA00F5F2}"
	ProjectSection(ProjectDependencies) = postProject
		{7D5132D6-C456-332C-ADE5-61387A097962} = {7D5132D6-C456-332C-ADE5-61387A097962}
	EndProjectSection
EndProject
Project("{8BC9CEB8-8B4A-11D0-8D11-00A0C91BC942}") = "update_mappings", "_deps\raylib_external-build\raylib\external\glfw\src\update_mappings.vcxproj", "{A25F85D5-56E3-3127-BC30-1D155E1FD37D}"
	ProjectSection(ProjectDependencies) = postProject
		{7D5132D6-C456-332C-ADE5-61387A097962} = {7D5132D6-C456-332C-ADE5-61387A097962}
	EndProjectSection
EndProject
Global
	GlobalSection(SolutionConfigurationPlatforms) = preSolution
		Debug|x64 = Debug|x64
		Release|x64 = Release|x64
		MinSizeRel|x64 = MinSizeRel|x64
		RelWithDebInfo|x64 = RelWithDebInfo|x64
	EndGlobalSection
	GlobalSection(ProjectConfigurationPlatforms) = postSolution
		{76496882-A97B-3572-BFC3-FEB25BDD60FB}.Debug|x64.ActiveCfg = Debug|x64
		{76496882-A97B-3572-BFC3-FEB25BDD60FB}.Debug|x64.Build.0 = Debug|x64
		{76496882-A97B-3572-BFC3-FEB25BDD60FB}.Release|x64.ActiveCfg = Release|x64
		{76496882-A97B-3572-BFC3-FEB25BDD60FB}.Release|x64.Build.0 = Release|x64
		{76496882-A97B-3572-BFC3-FEB25BDD60FB}.MinSizeRel|x64.ActiveCfg = MinSizeRel|x64
		{76496882-A97B-3572-BFC3-FEB25BDD60FB}.MinSizeRel|x64.Build.0 = MinSizeRel|x64
		{76496882-A97B-3572-BFC3-FEB25BDD60FB}.RelWithDebInfo|x64.ActiveCfg = RelWithDebInfo|x64
		{76496882-A97B-3572-BFC3-FEB25BDD60FB}.RelWithDebInfo|x64.Build.0 = RelWithDebInfo|x64
		{F0A79094-938E-371B-83D4-D6C14B63E9A9}.Debug|x64.ActiveCfg = Debug|x64
		{F0A79094-938E-371B-83D4-D6C14B63E9A9}.Release|x64.ActiveCfg = Release|x64
		{F0A79094-938E-371B-83D4-D6C14B63E9A9}.MinSizeRel|x64.ActiveCfg = MinSizeRel|x64
		{F0A79094-938E-371B-83D4-D6C14B63E9A9}.RelWithDebInfo|x64.ActiveCfg = RelWithDebInfo|x64
		{763A6138-2375-3EB9-B37B-61CB0C246374}.Debug|x64.ActiveCfg = Debug|x64
		{763A6138-2375-3EB9-B37B-61CB0C246374}.Release|x64.ActiveCfg = Release|x64
		{763A6138-2375-3EB9-B37B-61CB0C246374}.MinSizeRel|x64.ActiveCfg = MinSizeRel|x64
		{763A6138-2375-3EB9-B37B-61CB0C246374}.RelWithDebInfo|x64.ActiveCfg = RelWithDebInfo|x64
		{7D5132D6-C456-332C-ADE5-61387A097962}.Debug|x64.ActiveCfg = Debug|x64
		{7D5132D6-C456-332C-ADE5-61387A097962}.Debug|x64.Build.0 = Debug|x64
		{7D5132D6-C456-332C-ADE5-61387A097962}.Release|x64.ActiveCfg = Release|x64
		{7D5132D6-C456-332C-ADE5-61387A097962}.Release|x64.Build.0 = Release|x64
		{7D5132D6-C456-332C-ADE5-61387A097962}.MinSizeRel|x64.ActiveCfg = MinSizeRel|x64
		{7D5132D6-C456-332C-ADE5-61387A097962}.MinSizeRel|x64.Build.0 = MinSizeRel|x64
		{7D5132D6-C456-332C-ADE5-61387A097962}.RelWithDebInfo|x64.ActiveCfg = RelWithDebInfo|x64
		{7D5132D6-C456-332C-ADE5-61387A097962}.RelWithDebInfo|x64.Build.0 = RelWithDebInfo|x64
		{6F4626C7-8346-3963-BD64-BFD0272D9BAD}.Debug|x64.ActiveCfg = Debug|x64
		{6F4626C7-8346-3963-BD64-BFD0272D9BAD}.Debug|x64.Build.0 = Debug|x64
		{6F4626C7-8346-3963-BD64-BFD0272D9BAD}.Release|x64.ActiveCfg = Release|x64
		{6F4626C7-8346-3963-BD64-BFD0272D9BAD}.Release|x64.Build.0 = Release|x64
		{6F4626C7-8346-3963-BD64-BFD0272D9BAD}.MinSizeRel|x64.ActiveCfg = MinSizeRel|x64
		{6F4626C7-8346-3963-BD64-BFD0272D9BAD}.MinSizeRel|x64.Build.0 = MinSizeRel|x64
		{6F4626C7-8346-3963-BD64-BFD0272D9BAD}.RelWithDebInfo|x64.ActiveCfg = RelWithDebInfo|x64
		{6F4626C7-8346-3963-BD64-BFD0272D9BAD}.RelWithDebInfo|x64.Build.0 = RelWithDebInfo|x64
		{1F4DD971-E2F9-322F-9188-63A4728593F4}.Debug|x64.ActiveCfg = Debug|x64
		{1F4DD971-E2F9-322F-9188-63A4728593F4}.Debug|x64.Build.0 = Debug|x64
		{1F4DD971-E2F9-322F-9188-63A4728593F4}.Release|x64.ActiveCfg = Release|x64
		{1F4DD971-E2F9-322F-9188-63A4728593F4}.Release|x64.Build.0 = Release|x64
		{1F4DD971-E2F9-322F-9188-63A4728593F4}.MinSizeRel|x64.ActiveCfg = MinSizeRel|x64
		{1F4DD971-E2F9-322F-9188-63A4728593F4}.MinSizeRel|x64.Build.0 = MinSizeRel|x64
		{1F4DD971-E2F9-322F-9188-63A4728593F4}.RelWithDebInfo|x64.ActiveCfg = RelWithDebInfo|x64
		{1F4DD971-E2F9-322F-9188-63A4728593F4}.RelWithDebInfo|x64.Build.0 = RelWithDebInfo|x64
		{C414F843-E39B-3D02-AB35-52852DF7BED5}.Debug|x64.ActiveCfg = Debug|x64
		{C414F843-E39B-3D02-AB35-52852DF7BED5}.Debug|x64.Build.0 = Debug|x64
		{C414F843-E39B-3D02-AB35-52852DF7BED5}.Release|x64.ActiveCfg = Release|x64
		{C414F843-E39B-3D02-AB35-52852DF7BED5}.Release|x64.Build.0 = Release|x64
		{C414F843-E39B-3D02-AB35-52852DF7BED5}.MinSizeRel|x64.ActiveCfg = MinSizeRel|x64
		{C414F843-E39B-3D02-AB35-52852DF7BED5}.MinSizeRel|x64.Build.0 = MinSizeRel|x64
		{C414F843-E39B-3D02-AB35-52852DF7BED5}.RelWithDebInfo|x64.ActiveCfg = RelWithDebInfo|x64
		{C414F843-E39B-3D02-AB35-52852DF7BED5}.RelWithDebInfo|x64.Build.0 = RelWithDebInfo|x64
		{C51519D6-BB1D-3B2C-9264-74DC11874197}.Debug|x64.ActiveCfg = Debug|x64
		{C51519D6-BB1D-3B2C-9264-74DC11874197}.Debug|x64.Build.0 = Debug|x64
		{C51519D6-BB1D-3B2C-9264-74DC11874197}.Release|x64.ActiveCfg = Release|x64
		{C51519D6-BB1D-3B2C-9264-74DC11874197}.Release|x64.Build.0 = Release|x64
		{C51519D6-BB1D-3B2C-9264-74DC11874197}.MinSizeRel|x64.ActiveCfg = MinSizeRel|x64
		{C51519D6-BB1D-3B2C-9264-74DC11874197}.MinSizeRel|x64.Build.0 = MinSizeRel|x64
		{C51519D6-BB1D-3B2C-9264-74DC11874197}.RelWithDebInfo|x64.ActiveCfg = RelWithDebInfo|x64
		{C51519D6-BB1D-3B2C-9264-74DC11874197}.RelWithDebInfo|x64.Build.0 = RelWithDebInfo|x64
		{258C5E97-46B7-3C40-AF6C-EFCEA9608C32}.Debug|x64.ActiveCfg = Debug|x64
		{258C5E97-46B7-3C40-AF6C-EFCEA9608C32}.Debug|x64.Build.0 = Debug|x64
		{258C5E97-46B7-3C40-AF6C-EFCEA9608C32}.Release|x64.ActiveCfg = Release|x64
		{258C5E97-46B7-3C40-AF6C-EFCEA9608C32}.Release|x64.Build.0 = Release|x64
		{258C5E97-46B7-3C40-AF6C-EFCEA9608C32}.MinSizeRel|x64.ActiveCfg = MinSizeRel|x64
		{258C5E97-46B7-3C40-AF6C-EFCEA9608C32}.MinSizeRel|x64.Build.0 = MinSizeRel|x64
		{258C5E97-46B7-3C40-AF6C-EFCEA9608C32}.RelWithDebInfo|x64.ActiveCfg = RelWithDebInfo|x64
		{258C5E97-46B7-3C40-AF6C-EFCEA9608C32}.RelWithDebInfo|x64.Build.0 = RelWithDebInfo|x64
		{DB2B8580-4E3C-3E4B-BDA3-FF80DF181EB4}.Debug|x64.ActiveCfg = Debug|x64
		{DB2B8580-4E3C-3E4B-BDA3-FF80DF181EB4}.Debug|x64.Build.0 = Debug|x64
		{DB2B8580-4E3C-3E4B-BDA3-FF80DF181EB4}.Release|x64.ActiveCfg = Release|x64
		{DB2B8580-4E3C-3E4B-BDA3-FF80DF181EB4}.Release|x64.Build.0 = Release|x64
		{DB2B8580-4E3C-3E4B-BDA3-FF80DF181EB4}.MinSizeRel|x64.ActiveCfg = MinSizeRel|x64
		{DB2B8580-4E3C-3E4B-BDA3-FF80DF181EB4}.MinSizeRel|x64.Build.0 = MinSizeRel|x64
		{DB2B8580-4E3C-3E4B-BDA3-FF80DF181EB4}.RelWithDebInfo|x64.ActiveCfg = RelWithDebInfo|x64
		{DB2B8580-4E3C-3E4B-BDA3-FF80DF181EB4}.RelWithDebInfo|x64.Build.0 = RelWithDebInfo|x64
		{9BE0DFB0-F877-3FD1-8AC6-2BACD642435D}.Debug|x64.ActiveCfg = Debug|x64
		{9BE0DFB0-F877-3FD1-8AC6-2BACD642435D}.Debug|x64.Build.0 = Debug|x64
		{9BE0DFB0-F877-3FD1-8AC6-2BACD642435D}.Release|x64.ActiveCfg = Release|x64
		{9BE0DFB0-F877-3FD1-8AC6-2BACD642435D}.Release|x64.Build.0 = Release|x64
		{9BE0DFB0-F877-3FD1-8AC6-2BACD642435D}.MinSizeRel|x64.ActiveCfg = MinSizeRel|x64
		{9BE0DFB0-F877-3FD1-8AC6-2BACD642435D}.MinSizeRel|x64.Build.0 = MinSizeRel|x64
		{9BE0DFB0-F877-3FD1-8AC6-2BACD642435D}.RelWithDebInfo|x64.ActiveCfg = RelWithDebInfo|x64
		{9BE0DFB0-F877-3FD1-8AC6-2BACD642435D}.RelWithDebInfo|x64.Build.0 = RelWithDebInfo|x64
		{30619D13-8FBD-32C8-917B-A6AFB338FB26}.Debug|x64.ActiveCfg = Debug|x64
		{30619D13-8FBD-32C8-917B-A6AFB338FB26}.Debug|x64.Build.0 = Debug|x64
		{30619D13-8FBD-32C8-917B-A6AFB338FB26}.Release|x64.ActiveCfg = Release|x64
		{30619D13-8FBD-32C8-917B-A6AFB338FB26}.Release|x64.Build.0 = Release|x64
		{30619D13-8FBD-32C8-917B-A6AFB338FB26}.MinSizeRel|x64.ActiveCfg = MinSizeRel|x64
		{30619D13-8FBD-32C8-917B-A6AFB338FB26}.MinSizeRel|x64.Build.0 = MinSizeRel|x64
		{30619D13-8FBD-32C8-917B-A6AFB338FB26}.RelWithDebInfo|x64.ActiveCfg = RelWithDebInfo|x64
		{30619D13-8FBD-32C8-917B-A6AFB338FB26}.RelWithDebInfo|x64.Build.0 = RelWithDebInfo|x64
		{D77769DA-6F43-3F91-9E92-CF33ADA1303E}.Debug|x64.ActiveCfg = Debug|x64
		{D77769DA-6F43-3F91-9E92-CF33ADA1303E}.Debug|x64.Build.0 = Debug|x64
		{D77769DA-6F43-3F91-9E92-CF33ADA1303E}.Release|x64.ActiveCfg = Release|x64
		{D77769DA-6F43-3F91-9E92-CF33ADA1303E}.Release|x64.Build.0 = Release|x64
		{D77769DA-6F43-3F91-9E92-CF33ADA1303E}.MinSizeRel|x64.ActiveCfg = MinSizeRel|x64
		{D77769DA-6F43-3F91-9E92-CF33ADA1303E}.MinSizeRel|x64.Build.0 = MinSizeRel|x64
		{D77769DA-6F43-3F91-9E92-CF33ADA1303E}.RelWithDebInfo|x64.ActiveCfg = RelWithDebInfo|x64
		{D77769DA-6F43-3F91-9E92-CF33ADA1303E}.RelWithDebInfo|x64.Build.0 = RelWithDebInfo|x64
		{985E65BB-4A8C-3202-8145-46B1CBD71FD9}.Debug|x64.ActiveCfg = Debug|x64
		{985E65BB-4A8C-3202-8145-46B1CBD71FD9}.Debug|x64.Build.0 = Debug|x64
		{985E65BB-4A8C-3202-8145-46B1CBD71FD9}.Release|x64.ActiveCfg = Release|x64
		{985E65BB-4A8C-3202-8145-46B1CBD71FD9}.Release|x64.Build.0 = Release|x64
		{985E65BB-4A8C-3202-8145-46B1CBD71FD9}.MinSizeRel|x64.ActiveCfg = MinSizeRel|x64
		{985E65BB-4A8C-3202-8145-46B1CBD71FD9}.MinSizeRel|x64.Build.0 = MinSizeRel|x64
		{985E65BB-4A8C-3202-8145-46B1CBD71FD9}.RelWithDebInfo|x64.ActiveCfg = RelWithDebInfo|x64
		{985E65BB-4A8C-3202-8145-46B1CBD71FD9}.RelWithDebInfo|x64.Build.0 = RelWithDebInfo|x64
		{DAC74CD9-BCE0-374D-95DE-DFED2F7F827B}.Debug|x64.ActiveCfg = Debug|x64
		{DAC74CD9-BCE0-374D-95DE-DFED2F7F827B}.Debug|x64.Build.0 = Debug|x64
		{DAC74CD9-BCE0-374D-95DE-DFED2F7F827B}.Release|x64.ActiveCfg = Release|x64
		{DAC74CD9-BCE0-374D-95DE-DFED2F7F827B}.Release|x64.Build.0 = Release|x64
		{DAC74CD9-BCE0-374D-95DE-DFED2F7F827B}.MinSizeRel|x64.ActiveCfg = MinSizeRel|x64
		{DAC74CD9-BCE0-374D-95DE-DFED2F7F827B}.MinSizeRel|x64.Build.0 = MinSizeRel|x64
		{DAC74CD9-BCE0-374D-95DE-DFED2F7F827B}.RelWithDebInfo|x64.ActiveCfg = RelWithDebInfo|x64
		{DAC74CD9-BCE0-374D-95DE-DFED2F7F827B}.RelWithDebInfo|x64.Build.0 = RelWithDebInfo|x64
		{2C8C4AC9-50AA-387E-817F-A2E09F8C3227}.Debug|x64.ActiveCfg = Debug|x64
		{2C8C4AC9-50AA-387E-817F-A2E09F8C3227}.Debug|x64.Build.0 = Debug|x64
		{2C8C4AC9-50AA-387E-817F-A2E09F8C3227}.Release|x64.ActiveCfg = Release|x64
		{2C8C4AC9-50AA-387E-817F-A2E09F8C3227}.Release|x64.Build.0 = Release|x64
		{2C8C4AC9-50AA-387E-817F-A2E09F8C3227}.MinSizeRel|x64.ActiveCfg = MinSizeRel|x64
		{2C8C4AC9-50AA-387E-817F-A2E09F8C3227}.MinSizeRel|x64.Build.0 = MinSizeRel|x64
		{2C8C4AC9-50AA-387E-817F-A2E09F8C3227}.RelWithDebInfo|x64.ActiveCfg = RelWithDebInfo|x64
		{2C8C4AC9-50AA-387E-817F-A2E09F8C3227}.RelWithDebInfo|x64.Build.0 = RelWithDebInfo|x64
		{6CCF32F2-247F-3508-9C42-1CDF18C5ED27}.Debug|x64.ActiveCfg = Debug|x64
		{6CCF32F2-247F-3508-9C42-1CDF18C5ED27}.Debug|x64.Build.0 = Debug|x64
		{6CCF32F2-247F-3508-9C42-1CDF18C5ED27}.Release|x64.ActiveCfg = Release|x64
		{6CCF32F2-247F-3508-9C42-1CDF18C5ED27}.Release|x64.Build.0 = Release|x64
		{6CCF32F2-247F-3508-9C42-1CDF18C5ED27}.MinSizeRel|x64.ActiveCfg = MinSizeRel|x64
		{6CCF32F2-247F-3508-9C42-1CDF18C5ED27}.MinSizeRel|x64.Build.0 = MinSizeRel|x64
		{6CCF32F2-247F-3508-9C42-1CDF18C5ED27}.RelWithDebInfo|x64.ActiveCfg = RelWithDebInfo|x64
		{6CCF32F2-247F-3508-9C42-1CDF18C5ED27}.RelWithDebInfo|x64.Build.0 = RelWithDebInfo|x64
		{A2E2762C-4687-3033-A4BD-C33434D84DDA}.Debug|x64.ActiveCfg = Debug|x64
		{A2E2762C-4687-3033-A4BD-C33434D84DDA}.Debug|x64.Build.0 = Debug|x64
		{A2E2762C-4687-3033-A4BD-C33434D84DDA}.Release|x64.ActiveCfg = Release|x64
		{A2E2762C-4687-3033-A4BD-C33434D84DDA}.Release|x64.Build.0 = Release|x64
		{A2E2762C-4687-3033-A4BD-C33434D84DDA}.MinSizeRel|x64.ActiveCfg = MinSizeRel|x64
		{A2E2762C-4687-3033-A4BD-C33434D84DDA}.MinSizeRel|x64.Build.0 = MinSizeRel|x64
		{A2E2762C-4687-3033-A4BD-C33434D84DDA}.RelWithDebInfo|x64.ActiveCfg = RelWithDebInfo|x64
		{A2E2762C-4687-3033-A4BD-C33434D84DDA}.RelWithDebInfo|x64.Build.0 = RelWithDebInfo|x64
		{3392841C-AE75-3312-8768-4EA121B9A7D8}.Debug|x64.ActiveCfg = Debug|x64
		{3392841C-AE75-3312-8768-4EA121B9A7D8}.Debug|x64.Build.0 = Debug|x64
		{3392841C-AE75-3312-8768-4EA121B9A7D8}.Release|x64.ActiveCfg = Release|x64
		{3392841C-AE75-3312-8768-4EA121B9A7D8}.Release|x64.Build.0 = Release|x64
		{3392841C-AE75-3312-8768-4EA121B9A7D8}.MinSizeRel|x64.ActiveCfg = MinSizeRel|x64
		{3392841C-AE75-3312-8768-4EA121B9A7D8}.MinSizeRel|x64.Build.0 = MinSizeRel|x64
		{3392841C-AE75-3312-8768-4EA121B9A7D8}.RelWithDebInfo|x64.ActiveCfg = RelWithDebInfo|x64
		{3392841C-AE75-3312-8768-4EA121B9A7D8}.RelWithDebInfo|x64.Build.0 = RelWithDebInfo|x64
		{6BCF9FA8-7B5B-3B6D-816C-6DEDCA00F5F2}.Debug|x64.ActiveCfg = Debug|x64
		{6BCF9FA8-7B5B-3B6D-816C-6DEDCA00F5F2}.Release|x64.ActiveCfg = Release|x64
		{6BCF9FA8-7B5B-3B6D-816C-6DEDCA00F5F2}.MinSizeRel|x64.ActiveCfg = MinSizeRel|x64
		{6BCF9FA8-7B5B-3B6D-816C-6DEDCA00F5F2}.RelWithDebInfo|x64.ActiveCfg = RelWithDebInfo|x64
		{A25F85D5-56E3-3127-BC30-1D155E1FD37D}.Debug|x64.ActiveCfg = Debug|x64
		{A25F85D5-56E3-3127-BC30-1D155E1FD37D}.Release|x64.ActiveCfg = Release|x64
		{A25F85D5-56E3-3127-BC30-1D155E1FD37D}.MinSizeRel|x64.ActiveCfg = MinSizeRel|x64
		{A25F85D5-56E3-3127-BC30-1D155E1FD37D}.RelWithDebInfo|x64.ActiveCfg = RelWithDebInfo|x64
	EndGlobalSection
	GlobalSection(NestedProjects) = preSolution
		{76496882-A97B-3572-BFC3-FEB25BDD60FB} = {EB20BDCC-6BCB-39F8-8FAB-590CD5F01E11}
		{F0A79094-938E-371B-83D4-D6C14B63E9A9} = {EB20BDCC-6BCB-39F8-8FAB-590CD5F01E11}
		{763A6138-2375-3EB9-B37B-61CB0C246374} = {EB20BDCC-6BCB-39F8-8FAB-590CD5F01E11}
		{7D5132D6-C456-332C-ADE5-61387A097962} = {EB20BDCC-6BCB-39F8-8FAB-590CD5F01E11}
		{1F4DD971-E2F9-322F-9188-63A4728593F4} = {59C97D14-6D91-3BF9-B1DE-C9667C55E0EE}
		{A25F85D5-56E3-3127-BC30-1D155E1FD37D} = {59C97D14-6D91-3BF9-B1DE-C9667C55E0EE}
	EndGlobalSection
	GlobalSection(ExtensibilityGlobals) = postSolution
		SolutionGuid = {527D05F0-5055-3F51-89B3-6A90F727606C}
	EndGlobalSection
	GlobalSection(ExtensibilityAddIns) = postSolution
	EndGlobalSection
EndGlobal
